// !$*UTF8*$!
{
	archiveVersion = 1;
	classes = {
	};
	objectVersion = 45;
	objects = {

/* Begin PBXBuildFile section */
		1D3623260D0F684500981E51 /* Box2DPracticeAppDelegate.m in Sources */ = {isa = PBXBuildFile; fileRef = 1D3623250D0F684500981E51 /* Box2DPracticeAppDelegate.m */; };
		1D60589B0D05DD56006BFB54 /* main.m in Sources */ = {isa = PBXBuildFile; fileRef = 29B97316FDCFA39411CA2CEA /* main.m */; };
		1D60589F0D05DD5A006BFB54 /* Foundation.framework in Frameworks */ = {isa = PBXBuildFile; fileRef = 1D30AB110D05D00D00671497 /* Foundation.framework */; };
		1DF5F4E00D08C38300B7A737 /* UIKit.framework in Frameworks */ = {isa = PBXBuildFile; fileRef = 1DF5F4DF0D08C38300B7A737 /* UIKit.framework */; };
		2514C27210084DB100A42282 /* ES1Renderer.mm in Sources */ = {isa = PBXBuildFile; fileRef = 2514C26E10084DB100A42282 /* ES1Renderer.mm */; };
		28AD733F0D9D9553002E5188 /* MainWindow.xib in Resources */ = {isa = PBXBuildFile; fileRef = 28AD733E0D9D9553002E5188 /* MainWindow.xib */; };
		28FD14FE0DC6FC130079059D /* EAGLView.mm in Sources */ = {isa = PBXBuildFile; fileRef = 28FD14FD0DC6FC130079059D /* EAGLView.mm */; };
		28FD15000DC6FC520079059D /* OpenGLES.framework in Frameworks */ = {isa = PBXBuildFile; fileRef = 28FD14FF0DC6FC520079059D /* OpenGLES.framework */; };
		28FD15080DC6FC5B0079059D /* QuartzCore.framework in Frameworks */ = {isa = PBXBuildFile; fileRef = 28FD15070DC6FC5B0079059D /* QuartzCore.framework */; };
		9C1C2E941293D598003BFE60 /* roda-11.lua in Resources */ = {isa = PBXBuildFile; fileRef = 9C1C2E931293D598003BFE60 /* roda-11.lua */; };
		9C5E37F812928ABF008023F6 /* xml_wrap.mm in Sources */ = {isa = PBXBuildFile; fileRef = 9C5E37F712928ABF008023F6 /* xml_wrap.mm */; };
		9C5E382612928BF0008023F6 /* libxml2.dylib in Frameworks */ = {isa = PBXBuildFile; fileRef = 9C5E382512928BF0008023F6 /* libxml2.dylib */; };
		9C6CD14B12502FB100EE793B /* GLTextureAdapter.mm in Sources */ = {isa = PBXBuildFile; fileRef = 9C6CD14A12502FB100EE793B /* GLTextureAdapter.mm */; };
		9C7BA9A7124701CA0057B829 /* GLTexture.m in Sources */ = {isa = PBXBuildFile; fileRef = 9C7BA9A6124701CA0057B829 /* GLTexture.m */; };
		9C7BA9AD124702380057B829 /* CoreGraphics.framework in Frameworks */ = {isa = PBXBuildFile; fileRef = 9C7BA9AC124702380057B829 /* CoreGraphics.framework */; };
		9C9E23F012507EBB00B6A127 /* GLTextureAdapter_wrap.mm in Sources */ = {isa = PBXBuildFile; fileRef = 9C9E23EF12507EBB00B6A127 /* GLTextureAdapter_wrap.mm */; };
		9C9E24271250801E00B6A127 /* lapi.c in Sources */ = {isa = PBXBuildFile; fileRef = 9C9E23F41250801E00B6A127 /* lapi.c */; };
		9C9E24281250801E00B6A127 /* lauxlib.c in Sources */ = {isa = PBXBuildFile; fileRef = 9C9E23F61250801E00B6A127 /* lauxlib.c */; };
		9C9E24291250801E00B6A127 /* lbaselib.c in Sources */ = {isa = PBXBuildFile; fileRef = 9C9E23F81250801E00B6A127 /* lbaselib.c */; };
		9C9E242A1250801E00B6A127 /* lcode.c in Sources */ = {isa = PBXBuildFile; fileRef = 9C9E23F91250801E00B6A127 /* lcode.c */; };
		9C9E242B1250801E00B6A127 /* ldblib.c in Sources */ = {isa = PBXBuildFile; fileRef = 9C9E23FB1250801E00B6A127 /* ldblib.c */; };
		9C9E242C1250801E00B6A127 /* ldebug.c in Sources */ = {isa = PBXBuildFile; fileRef = 9C9E23FC1250801E00B6A127 /* ldebug.c */; };
		9C9E242D1250801E00B6A127 /* ldo.c in Sources */ = {isa = PBXBuildFile; fileRef = 9C9E23FE1250801E00B6A127 /* ldo.c */; };
		9C9E242E1250801E00B6A127 /* ldump.c in Sources */ = {isa = PBXBuildFile; fileRef = 9C9E24001250801E00B6A127 /* ldump.c */; };
		9C9E242F1250801E00B6A127 /* lfunc.c in Sources */ = {isa = PBXBuildFile; fileRef = 9C9E24011250801E00B6A127 /* lfunc.c */; };
		9C9E24301250801E00B6A127 /* lgc.c in Sources */ = {isa = PBXBuildFile; fileRef = 9C9E24031250801E00B6A127 /* lgc.c */; };
		9C9E24311250801E00B6A127 /* linit.c in Sources */ = {isa = PBXBuildFile; fileRef = 9C9E24051250801E00B6A127 /* linit.c */; };
		9C9E24321250801E00B6A127 /* liolib.c in Sources */ = {isa = PBXBuildFile; fileRef = 9C9E24061250801E00B6A127 /* liolib.c */; };
		9C9E24331250801E00B6A127 /* llex.c in Sources */ = {isa = PBXBuildFile; fileRef = 9C9E24071250801E00B6A127 /* llex.c */; };
		9C9E24341250801E00B6A127 /* lmathlib.c in Sources */ = {isa = PBXBuildFile; fileRef = 9C9E240A1250801E00B6A127 /* lmathlib.c */; };
		9C9E24351250801E00B6A127 /* lmem.c in Sources */ = {isa = PBXBuildFile; fileRef = 9C9E240B1250801E00B6A127 /* lmem.c */; };
		9C9E24361250801E00B6A127 /* loadlib.c in Sources */ = {isa = PBXBuildFile; fileRef = 9C9E240D1250801E00B6A127 /* loadlib.c */; };
		9C9E24371250801E00B6A127 /* lobject.c in Sources */ = {isa = PBXBuildFile; fileRef = 9C9E240E1250801E00B6A127 /* lobject.c */; };
		9C9E24381250801E00B6A127 /* lopcodes.c in Sources */ = {isa = PBXBuildFile; fileRef = 9C9E24101250801E00B6A127 /* lopcodes.c */; };
		9C9E24391250801E00B6A127 /* loslib.c in Sources */ = {isa = PBXBuildFile; fileRef = 9C9E24121250801E00B6A127 /* loslib.c */; };
		9C9E243A1250801E00B6A127 /* lparser.c in Sources */ = {isa = PBXBuildFile; fileRef = 9C9E24131250801E00B6A127 /* lparser.c */; };
		9C9E243B1250801E00B6A127 /* lstate.c in Sources */ = {isa = PBXBuildFile; fileRef = 9C9E24151250801E00B6A127 /* lstate.c */; };
		9C9E243C1250801E00B6A127 /* lstring.c in Sources */ = {isa = PBXBuildFile; fileRef = 9C9E24171250801E00B6A127 /* lstring.c */; };
		9C9E243D1250801E00B6A127 /* lstrlib.c in Sources */ = {isa = PBXBuildFile; fileRef = 9C9E24191250801E00B6A127 /* lstrlib.c */; };
		9C9E243E1250801E00B6A127 /* ltable.c in Sources */ = {isa = PBXBuildFile; fileRef = 9C9E241A1250801E00B6A127 /* ltable.c */; };
		9C9E243F1250801E00B6A127 /* ltablib.c in Sources */ = {isa = PBXBuildFile; fileRef = 9C9E241C1250801E00B6A127 /* ltablib.c */; };
		9C9E24401250801E00B6A127 /* ltm.c in Sources */ = {isa = PBXBuildFile; fileRef = 9C9E241D1250801E00B6A127 /* ltm.c */; };
		9C9E24411250801E00B6A127 /* lundump.c in Sources */ = {isa = PBXBuildFile; fileRef = 9C9E24211250801E00B6A127 /* lundump.c */; };
		9C9E24421250801E00B6A127 /* lvm.c in Sources */ = {isa = PBXBuildFile; fileRef = 9C9E24231250801E00B6A127 /* lvm.c */; };
		9C9E24431250801E00B6A127 /* lzio.c in Sources */ = {isa = PBXBuildFile; fileRef = 9C9E24251250801E00B6A127 /* lzio.c */; };
		9CCB011B12CC79A400DD92C9 /* 1-compacted.xml in Resources */ = {isa = PBXBuildFile; fileRef = 9CCB00E212CC79A400DD92C9 /* 1-compacted.xml */; };
		9CCB011C12CC79A400DD92C9 /* 1-texture.png in Resources */ = {isa = PBXBuildFile; fileRef = 9CCB00E312CC79A400DD92C9 /* 1-texture.png */; };
		9CCB011D12CC79A400DD92C9 /* 10-compacted.xml in Resources */ = {isa = PBXBuildFile; fileRef = 9CCB00E412CC79A400DD92C9 /* 10-compacted.xml */; };
		9CCB011E12CC79A400DD92C9 /* 10-texture-0.png in Resources */ = {isa = PBXBuildFile; fileRef = 9CCB00E512CC79A400DD92C9 /* 10-texture-0.png */; };
		9CCB011F12CC79A400DD92C9 /* 10-texture-1.png in Resources */ = {isa = PBXBuildFile; fileRef = 9CCB00E612CC79A400DD92C9 /* 10-texture-1.png */; };
		9CCB012012CC79A400DD92C9 /* 11-compacted.xml in Resources */ = {isa = PBXBuildFile; fileRef = 9CCB00E712CC79A400DD92C9 /* 11-compacted.xml */; };
		9CCB012112CC79A400DD92C9 /* 11-texture.png in Resources */ = {isa = PBXBuildFile; fileRef = 9CCB00E812CC79A400DD92C9 /* 11-texture.png */; };
		9CCB012212CC79A400DD92C9 /* 12-compacted.xml in Resources */ = {isa = PBXBuildFile; fileRef = 9CCB00E912CC79A400DD92C9 /* 12-compacted.xml */; };
		9CCB012312CC79A400DD92C9 /* 12-texture.png in Resources */ = {isa = PBXBuildFile; fileRef = 9CCB00EA12CC79A400DD92C9 /* 12-texture.png */; };
		9CCB012412CC79A400DD92C9 /* 13-compacted.xml in Resources */ = {isa = PBXBuildFile; fileRef = 9CCB00EB12CC79A400DD92C9 /* 13-compacted.xml */; };
		9CCB012512CC79A400DD92C9 /* 13-texture.png in Resources */ = {isa = PBXBuildFile; fileRef = 9CCB00EC12CC79A400DD92C9 /* 13-texture.png */; };
		9CCB012612CC79A400DD92C9 /* 14-compacted.xml in Resources */ = {isa = PBXBuildFile; fileRef = 9CCB00ED12CC79A400DD92C9 /* 14-compacted.xml */; };
		9CCB012712CC79A400DD92C9 /* 14-texture.png in Resources */ = {isa = PBXBuildFile; fileRef = 9CCB00EE12CC79A400DD92C9 /* 14-texture.png */; };
		9CCB012812CC79A400DD92C9 /* 15-compacted.xml in Resources */ = {isa = PBXBuildFile; fileRef = 9CCB00EF12CC79A400DD92C9 /* 15-compacted.xml */; };
		9CCB012912CC79A400DD92C9 /* 15-texture.png in Resources */ = {isa = PBXBuildFile; fileRef = 9CCB00F012CC79A400DD92C9 /* 15-texture.png */; };
		9CCB012A12CC79A400DD92C9 /* 16-compacted.xml in Resources */ = {isa = PBXBuildFile; fileRef = 9CCB00F112CC79A400DD92C9 /* 16-compacted.xml */; };
		9CCB012B12CC79A400DD92C9 /* 16-texture.png in Resources */ = {isa = PBXBuildFile; fileRef = 9CCB00F212CC79A400DD92C9 /* 16-texture.png */; };
		9CCB012C12CC79A400DD92C9 /* 17-compacted.xml in Resources */ = {isa = PBXBuildFile; fileRef = 9CCB00F312CC79A400DD92C9 /* 17-compacted.xml */; };
		9CCB012D12CC79A400DD92C9 /* 17-texture-0.png in Resources */ = {isa = PBXBuildFile; fileRef = 9CCB00F412CC79A400DD92C9 /* 17-texture-0.png */; };
		9CCB012E12CC79A400DD92C9 /* 17-texture-1.png in Resources */ = {isa = PBXBuildFile; fileRef = 9CCB00F512CC79A400DD92C9 /* 17-texture-1.png */; };
		9CCB012F12CC79A400DD92C9 /* 18-compacted.xml in Resources */ = {isa = PBXBuildFile; fileRef = 9CCB00F612CC79A400DD92C9 /* 18-compacted.xml */; };
		9CCB013012CC79A400DD92C9 /* 18-texture.png in Resources */ = {isa = PBXBuildFile; fileRef = 9CCB00F712CC79A400DD92C9 /* 18-texture.png */; };
		9CCB013112CC79A400DD92C9 /* 19-compacted.xml in Resources */ = {isa = PBXBuildFile; fileRef = 9CCB00F812CC79A400DD92C9 /* 19-compacted.xml */; };
		9CCB013212CC79A400DD92C9 /* 19-texture.png in Resources */ = {isa = PBXBuildFile; fileRef = 9CCB00F912CC79A400DD92C9 /* 19-texture.png */; };
		9CCB013312CC79A400DD92C9 /* 2-compacted.xml in Resources */ = {isa = PBXBuildFile; fileRef = 9CCB00FA12CC79A400DD92C9 /* 2-compacted.xml */; };
		9CCB013412CC79A400DD92C9 /* 2-texture.png in Resources */ = {isa = PBXBuildFile; fileRef = 9CCB00FB12CC79A400DD92C9 /* 2-texture.png */; };
		9CCB013512CC79A400DD92C9 /* 20-compacted.xml in Resources */ = {isa = PBXBuildFile; fileRef = 9CCB00FC12CC79A400DD92C9 /* 20-compacted.xml */; };
		9CCB013612CC79A400DD92C9 /* 20-texture.png in Resources */ = {isa = PBXBuildFile; fileRef = 9CCB00FD12CC79A400DD92C9 /* 20-texture.png */; };
		9CCB013712CC79A400DD92C9 /* 21-compacted.xml in Resources */ = {isa = PBXBuildFile; fileRef = 9CCB00FE12CC79A400DD92C9 /* 21-compacted.xml */; };
		9CCB013812CC79A400DD92C9 /* 21-texture.png in Resources */ = {isa = PBXBuildFile; fileRef = 9CCB00FF12CC79A400DD92C9 /* 21-texture.png */; };
		9CCB013912CC79A400DD92C9 /* 22-compacted.xml in Resources */ = {isa = PBXBuildFile; fileRef = 9CCB010012CC79A400DD92C9 /* 22-compacted.xml */; };
		9CCB013A12CC79A400DD92C9 /* 22-texture.png in Resources */ = {isa = PBXBuildFile; fileRef = 9CCB010112CC79A400DD92C9 /* 22-texture.png */; };
		9CCB013B12CC79A400DD92C9 /* 23-compacted.xml in Resources */ = {isa = PBXBuildFile; fileRef = 9CCB010212CC79A400DD92C9 /* 23-compacted.xml */; };
		9CCB013C12CC79A400DD92C9 /* 23-texture-0.png in Resources */ = {isa = PBXBuildFile; fileRef = 9CCB010312CC79A400DD92C9 /* 23-texture-0.png */; };
		9CCB013D12CC79A400DD92C9 /* 23-texture-1.png in Resources */ = {isa = PBXBuildFile; fileRef = 9CCB010412CC79A400DD92C9 /* 23-texture-1.png */; };
		9CCB013E12CC79A400DD92C9 /* 23-texture-2.png in Resources */ = {isa = PBXBuildFile; fileRef = 9CCB010512CC79A400DD92C9 /* 23-texture-2.png */; };
		9CCB013F12CC79A400DD92C9 /* 24-compacted.xml in Resources */ = {isa = PBXBuildFile; fileRef = 9CCB010612CC79A400DD92C9 /* 24-compacted.xml */; };
		9CCB014012CC79A400DD92C9 /* 24-texture-0.png in Resources */ = {isa = PBXBuildFile; fileRef = 9CCB010712CC79A400DD92C9 /* 24-texture-0.png */; };
		9CCB014112CC79A500DD92C9 /* 24-texture-1.png in Resources */ = {isa = PBXBuildFile; fileRef = 9CCB010812CC79A400DD92C9 /* 24-texture-1.png */; };
		9CCB014212CC79A500DD92C9 /* 25-compacted.xml in Resources */ = {isa = PBXBuildFile; fileRef = 9CCB010912CC79A400DD92C9 /* 25-compacted.xml */; };
		9CCB014312CC79A500DD92C9 /* 25-texture.png in Resources */ = {isa = PBXBuildFile; fileRef = 9CCB010A12CC79A400DD92C9 /* 25-texture.png */; };
		9CCB014412CC79A500DD92C9 /* 3-compacted.xml in Resources */ = {isa = PBXBuildFile; fileRef = 9CCB010B12CC79A400DD92C9 /* 3-compacted.xml */; };
		9CCB014512CC79A500DD92C9 /* 3-texture.png in Resources */ = {isa = PBXBuildFile; fileRef = 9CCB010C12CC79A400DD92C9 /* 3-texture.png */; };
		9CCB014612CC79A500DD92C9 /* 4-compacted.xml in Resources */ = {isa = PBXBuildFile; fileRef = 9CCB010D12CC79A400DD92C9 /* 4-compacted.xml */; };
		9CCB014712CC79A500DD92C9 /* 4-texture.png in Resources */ = {isa = PBXBuildFile; fileRef = 9CCB010E12CC79A400DD92C9 /* 4-texture.png */; };
		9CCB014812CC79A500DD92C9 /* 5-compacted.xml in Resources */ = {isa = PBXBuildFile; fileRef = 9CCB010F12CC79A400DD92C9 /* 5-compacted.xml */; };
		9CCB014912CC79A500DD92C9 /* 5-texture-0.png in Resources */ = {isa = PBXBuildFile; fileRef = 9CCB011012CC79A400DD92C9 /* 5-texture-0.png */; };
		9CCB014A12CC79A500DD92C9 /* 5-texture-1.png in Resources */ = {isa = PBXBuildFile; fileRef = 9CCB011112CC79A400DD92C9 /* 5-texture-1.png */; };
		9CCB014B12CC79A500DD92C9 /* 6-compacted.xml in Resources */ = {isa = PBXBuildFile; fileRef = 9CCB011212CC79A400DD92C9 /* 6-compacted.xml */; };
		9CCB014C12CC79A500DD92C9 /* 6-texture.png in Resources */ = {isa = PBXBuildFile; fileRef = 9CCB011312CC79A400DD92C9 /* 6-texture.png */; };
		9CCB014D12CC79A500DD92C9 /* 7-compacted.xml in Resources */ = {isa = PBXBuildFile; fileRef = 9CCB011412CC79A400DD92C9 /* 7-compacted.xml */; };
		9CCB014E12CC79A500DD92C9 /* 7-texture.png in Resources */ = {isa = PBXBuildFile; fileRef = 9CCB011512CC79A400DD92C9 /* 7-texture.png */; };
		9CCB014F12CC79A500DD92C9 /* 8-compacted.xml in Resources */ = {isa = PBXBuildFile; fileRef = 9CCB011612CC79A400DD92C9 /* 8-compacted.xml */; };
		9CCB015012CC79A500DD92C9 /* 8-texture.png in Resources */ = {isa = PBXBuildFile; fileRef = 9CCB011712CC79A400DD92C9 /* 8-texture.png */; };
		9CCB015112CC79A500DD92C9 /* 9-compacted.xml in Resources */ = {isa = PBXBuildFile; fileRef = 9CCB011812CC79A400DD92C9 /* 9-compacted.xml */; };
		9CCB015212CC79A500DD92C9 /* 9-texture-0.png in Resources */ = {isa = PBXBuildFile; fileRef = 9CCB011912CC79A400DD92C9 /* 9-texture-0.png */; };
		9CCB015312CC79A500DD92C9 /* 9-texture-1.png in Resources */ = {isa = PBXBuildFile; fileRef = 9CCB011A12CC79A400DD92C9 /* 9-texture-1.png */; };
		9CE83E4E1251CC530075D1B7 /* gl_wrap.m in Sources */ = {isa = PBXBuildFile; fileRef = 9CE83E4D1251CC530075D1B7 /* gl_wrap.m */; };
		9CE83EE31251F1020075D1B7 /* Box2D_wrap.mm in Sources */ = {isa = PBXBuildFile; fileRef = 9CE83EE21251F1020075D1B7 /* Box2D_wrap.mm */; };
		9CFDCC4112475A91000801B0 /* b2BroadPhase.cpp in Sources */ = {isa = PBXBuildFile; fileRef = 9CFDCBF512475A91000801B0 /* b2BroadPhase.cpp */; };
		9CFDCC4212475A91000801B0 /* b2CollideCircle.cpp in Sources */ = {isa = PBXBuildFile; fileRef = 9CFDCBF712475A91000801B0 /* b2CollideCircle.cpp */; };
		9CFDCC4312475A91000801B0 /* b2CollidePolygon.cpp in Sources */ = {isa = PBXBuildFile; fileRef = 9CFDCBF812475A91000801B0 /* b2CollidePolygon.cpp */; };
		9CFDCC4412475A91000801B0 /* b2Collision.cpp in Sources */ = {isa = PBXBuildFile; fileRef = 9CFDCBF912475A91000801B0 /* b2Collision.cpp */; };
		9CFDCC4512475A91000801B0 /* b2Distance.cpp in Sources */ = {isa = PBXBuildFile; fileRef = 9CFDCBFB12475A91000801B0 /* b2Distance.cpp */; };
		9CFDCC4612475A91000801B0 /* b2DynamicTree.cpp in Sources */ = {isa = PBXBuildFile; fileRef = 9CFDCBFD12475A91000801B0 /* b2DynamicTree.cpp */; };
		9CFDCC4712475A91000801B0 /* b2TimeOfImpact.cpp in Sources */ = {isa = PBXBuildFile; fileRef = 9CFDCBFF12475A91000801B0 /* b2TimeOfImpact.cpp */; };
		9CFDCC4812475A91000801B0 /* b2CircleShape.cpp in Sources */ = {isa = PBXBuildFile; fileRef = 9CFDCC0212475A91000801B0 /* b2CircleShape.cpp */; };
		9CFDCC4912475A91000801B0 /* b2PolygonShape.cpp in Sources */ = {isa = PBXBuildFile; fileRef = 9CFDCC0412475A91000801B0 /* b2PolygonShape.cpp */; };
		9CFDCC4A12475A91000801B0 /* b2BlockAllocator.cpp in Sources */ = {isa = PBXBuildFile; fileRef = 9CFDCC0812475A91000801B0 /* b2BlockAllocator.cpp */; };
		9CFDCC4B12475A91000801B0 /* b2Math.cpp in Sources */ = {isa = PBXBuildFile; fileRef = 9CFDCC0A12475A91000801B0 /* b2Math.cpp */; };
		9CFDCC4C12475A91000801B0 /* b2Settings.cpp in Sources */ = {isa = PBXBuildFile; fileRef = 9CFDCC0C12475A91000801B0 /* b2Settings.cpp */; };
		9CFDCC4D12475A91000801B0 /* b2StackAllocator.cpp in Sources */ = {isa = PBXBuildFile; fileRef = 9CFDCC0E12475A91000801B0 /* b2StackAllocator.cpp */; };
		9CFDCC4E12475A91000801B0 /* b2Body.cpp in Sources */ = {isa = PBXBuildFile; fileRef = 9CFDCC1112475A91000801B0 /* b2Body.cpp */; };
		9CFDCC4F12475A91000801B0 /* b2ContactManager.cpp in Sources */ = {isa = PBXBuildFile; fileRef = 9CFDCC1312475A91000801B0 /* b2ContactManager.cpp */; };
		9CFDCC5012475A91000801B0 /* b2Fixture.cpp in Sources */ = {isa = PBXBuildFile; fileRef = 9CFDCC1512475A91000801B0 /* b2Fixture.cpp */; };
		9CFDCC5112475A91000801B0 /* b2Island.cpp in Sources */ = {isa = PBXBuildFile; fileRef = 9CFDCC1712475A91000801B0 /* b2Island.cpp */; };
		9CFDCC5212475A91000801B0 /* b2World.cpp in Sources */ = {isa = PBXBuildFile; fileRef = 9CFDCC1A12475A91000801B0 /* b2World.cpp */; };
		9CFDCC5312475A91000801B0 /* b2WorldCallbacks.cpp in Sources */ = {isa = PBXBuildFile; fileRef = 9CFDCC1C12475A91000801B0 /* b2WorldCallbacks.cpp */; };
		9CFDCC5412475A91000801B0 /* b2CircleContact.cpp in Sources */ = {isa = PBXBuildFile; fileRef = 9CFDCC1F12475A91000801B0 /* b2CircleContact.cpp */; };
		9CFDCC5512475A91000801B0 /* b2Contact.cpp in Sources */ = {isa = PBXBuildFile; fileRef = 9CFDCC2112475A91000801B0 /* b2Contact.cpp */; };
		9CFDCC5612475A91000801B0 /* b2ContactSolver.cpp in Sources */ = {isa = PBXBuildFile; fileRef = 9CFDCC2312475A91000801B0 /* b2ContactSolver.cpp */; };
		9CFDCC5712475A91000801B0 /* b2PolygonAndCircleContact.cpp in Sources */ = {isa = PBXBuildFile; fileRef = 9CFDCC2512475A91000801B0 /* b2PolygonAndCircleContact.cpp */; };
		9CFDCC5812475A91000801B0 /* b2PolygonContact.cpp in Sources */ = {isa = PBXBuildFile; fileRef = 9CFDCC2712475A91000801B0 /* b2PolygonContact.cpp */; };
		9CFDCC5912475A91000801B0 /* b2TOISolver.cpp in Sources */ = {isa = PBXBuildFile; fileRef = 9CFDCC2912475A91000801B0 /* b2TOISolver.cpp */; };
		9CFDCC5A12475A91000801B0 /* b2DistanceJoint.cpp in Sources */ = {isa = PBXBuildFile; fileRef = 9CFDCC2C12475A91000801B0 /* b2DistanceJoint.cpp */; };
		9CFDCC5B12475A91000801B0 /* b2FrictionJoint.cpp in Sources */ = {isa = PBXBuildFile; fileRef = 9CFDCC2E12475A91000801B0 /* b2FrictionJoint.cpp */; };
		9CFDCC5C12475A91000801B0 /* b2GearJoint.cpp in Sources */ = {isa = PBXBuildFile; fileRef = 9CFDCC3012475A91000801B0 /* b2GearJoint.cpp */; };
		9CFDCC5D12475A91000801B0 /* b2Joint.cpp in Sources */ = {isa = PBXBuildFile; fileRef = 9CFDCC3212475A91000801B0 /* b2Joint.cpp */; };
		9CFDCC5E12475A91000801B0 /* b2LineJoint.cpp in Sources */ = {isa = PBXBuildFile; fileRef = 9CFDCC3412475A91000801B0 /* b2LineJoint.cpp */; };
		9CFDCC5F12475A91000801B0 /* b2MouseJoint.cpp in Sources */ = {isa = PBXBuildFile; fileRef = 9CFDCC3612475A91000801B0 /* b2MouseJoint.cpp */; };
		9CFDCC6012475A91000801B0 /* b2PrismaticJoint.cpp in Sources */ = {isa = PBXBuildFile; fileRef = 9CFDCC3812475A91000801B0 /* b2PrismaticJoint.cpp */; };
		9CFDCC6112475A91000801B0 /* b2PulleyJoint.cpp in Sources */ = {isa = PBXBuildFile; fileRef = 9CFDCC3A12475A91000801B0 /* b2PulleyJoint.cpp */; };
		9CFDCC6212475A91000801B0 /* b2RevoluteJoint.cpp in Sources */ = {isa = PBXBuildFile; fileRef = 9CFDCC3C12475A91000801B0 /* b2RevoluteJoint.cpp */; };
		9CFDCC6312475A91000801B0 /* b2WeldJoint.cpp in Sources */ = {isa = PBXBuildFile; fileRef = 9CFDCC3E12475A91000801B0 /* b2WeldJoint.cpp */; };
/* End PBXBuildFile section */

/* Begin PBXFileReference section */
		1D30AB110D05D00D00671497 /* Foundation.framework */ = {isa = PBXFileReference; lastKnownFileType = wrapper.framework; name = Foundation.framework; path = System/Library/Frameworks/Foundation.framework; sourceTree = SDKROOT; };
		1D3623240D0F684500981E51 /* Box2DPracticeAppDelegate.h */ = {isa = PBXFileReference; fileEncoding = 4; lastKnownFileType = sourcecode.c.h; path = Box2DPracticeAppDelegate.h; sourceTree = "<group>"; };
		1D3623250D0F684500981E51 /* Box2DPracticeAppDelegate.m */ = {isa = PBXFileReference; fileEncoding = 4; lastKnownFileType = sourcecode.c.objc; path = Box2DPracticeAppDelegate.m; sourceTree = "<group>"; };
		1D6058910D05DD3D006BFB54 /* Box2DPractice.app */ = {isa = PBXFileReference; explicitFileType = wrapper.application; includeInIndex = 0; path = Box2DPractice.app; sourceTree = BUILT_PRODUCTS_DIR; };
		1DF5F4DF0D08C38300B7A737 /* UIKit.framework */ = {isa = PBXFileReference; lastKnownFileType = wrapper.framework; name = UIKit.framework; path = System/Library/Frameworks/UIKit.framework; sourceTree = SDKROOT; };
		2514C26D10084DB100A42282 /* ES1Renderer.h */ = {isa = PBXFileReference; fileEncoding = 4; lastKnownFileType = sourcecode.c.h; path = ES1Renderer.h; sourceTree = "<group>"; };
		2514C26E10084DB100A42282 /* ES1Renderer.mm */ = {isa = PBXFileReference; fileEncoding = 4; lastKnownFileType = sourcecode.cpp.objcpp; path = ES1Renderer.mm; sourceTree = "<group>"; };
		2514C27110084DB100A42282 /* ESRenderer.h */ = {isa = PBXFileReference; fileEncoding = 4; lastKnownFileType = sourcecode.c.h; path = ESRenderer.h; sourceTree = "<group>"; };
		28AD733E0D9D9553002E5188 /* MainWindow.xib */ = {isa = PBXFileReference; lastKnownFileType = file.xib; path = MainWindow.xib; sourceTree = "<group>"; };
		28FD14FC0DC6FC130079059D /* EAGLView.h */ = {isa = PBXFileReference; fileEncoding = 4; lastKnownFileType = sourcecode.c.h; path = EAGLView.h; sourceTree = "<group>"; };
		28FD14FD0DC6FC130079059D /* EAGLView.mm */ = {isa = PBXFileReference; fileEncoding = 4; lastKnownFileType = sourcecode.cpp.objcpp; path = EAGLView.mm; sourceTree = "<group>"; };
		28FD14FF0DC6FC520079059D /* OpenGLES.framework */ = {isa = PBXFileReference; lastKnownFileType = wrapper.framework; name = OpenGLES.framework; path = System/Library/Frameworks/OpenGLES.framework; sourceTree = SDKROOT; };
		28FD15070DC6FC5B0079059D /* QuartzCore.framework */ = {isa = PBXFileReference; lastKnownFileType = wrapper.framework; name = QuartzCore.framework; path = System/Library/Frameworks/QuartzCore.framework; sourceTree = SDKROOT; };
		29B97316FDCFA39411CA2CEA /* main.m */ = {isa = PBXFileReference; fileEncoding = 4; lastKnownFileType = sourcecode.c.objc; path = main.m; sourceTree = "<group>"; };
		32CA4F630368D1EE00C91783 /* Box2DPractice_Prefix.pch */ = {isa = PBXFileReference; fileEncoding = 4; lastKnownFileType = sourcecode.c.h; path = Box2DPractice_Prefix.pch; sourceTree = "<group>"; };
		8D1107310486CEB800E47090 /* Box2DPractice-Info.plist */ = {isa = PBXFileReference; fileEncoding = 4; lastKnownFileType = text.plist.xml; path = "Box2DPractice-Info.plist"; plistStructureDefinitionIdentifier = "com.apple.xcode.plist.structure-definition.iphone.info-plist"; sourceTree = "<group>"; };
		9C1C2E931293D598003BFE60 /* roda-11.lua */ = {isa = PBXFileReference; fileEncoding = 4; lastKnownFileType = text; name = "roda-11.lua"; path = "lua/roda-11.lua"; sourceTree = "<group>"; };
		9C5E37F712928ABF008023F6 /* xml_wrap.mm */ = {isa = PBXFileReference; fileEncoding = 4; lastKnownFileType = sourcecode.cpp.objcpp; path = xml_wrap.mm; sourceTree = "<group>"; };
		9C5E382512928BF0008023F6 /* libxml2.dylib */ = {isa = PBXFileReference; lastKnownFileType = "compiled.mach-o.dylib"; name = libxml2.dylib; path = usr/lib/libxml2.dylib; sourceTree = SDKROOT; };
		9C6CD14912502DB600EE793B /* GLTextureAdapter.h */ = {isa = PBXFileReference; fileEncoding = 4; lastKnownFileType = sourcecode.c.h; path = GLTextureAdapter.h; sourceTree = "<group>"; };
		9C6CD14A12502FB100EE793B /* GLTextureAdapter.mm */ = {isa = PBXFileReference; fileEncoding = 4; lastKnownFileType = sourcecode.cpp.objcpp; path = GLTextureAdapter.mm; sourceTree = "<group>"; };
		9C7BA9A5124701CA0057B829 /* GLTexture.h */ = {isa = PBXFileReference; fileEncoding = 4; lastKnownFileType = sourcecode.c.h; path = GLTexture.h; sourceTree = "<group>"; };
		9C7BA9A6124701CA0057B829 /* GLTexture.m */ = {isa = PBXFileReference; fileEncoding = 4; lastKnownFileType = sourcecode.c.objc; path = GLTexture.m; sourceTree = "<group>"; };
		9C7BA9AC124702380057B829 /* CoreGraphics.framework */ = {isa = PBXFileReference; lastKnownFileType = wrapper.framework; name = CoreGraphics.framework; path = System/Library/Frameworks/CoreGraphics.framework; sourceTree = SDKROOT; };
		9C9E23EF12507EBB00B6A127 /* GLTextureAdapter_wrap.mm */ = {isa = PBXFileReference; fileEncoding = 4; lastKnownFileType = sourcecode.cpp.objcpp; path = GLTextureAdapter_wrap.mm; sourceTree = "<group>"; };
		9C9E23F41250801E00B6A127 /* lapi.c */ = {isa = PBXFileReference; fileEncoding = 4; lastKnownFileType = sourcecode.c.c; name = lapi.c; path = Classes/Lua/lapi.c; sourceTree = "<group>"; };
		9C9E23F51250801E00B6A127 /* lapi.h */ = {isa = PBXFileReference; fileEncoding = 4; lastKnownFileType = sourcecode.c.h; name = lapi.h; path = Classes/Lua/lapi.h; sourceTree = "<group>"; };
		9C9E23F61250801E00B6A127 /* lauxlib.c */ = {isa = PBXFileReference; fileEncoding = 4; lastKnownFileType = sourcecode.c.c; name = lauxlib.c; path = Classes/Lua/lauxlib.c; sourceTree = "<group>"; };
		9C9E23F71250801E00B6A127 /* lauxlib.h */ = {isa = PBXFileReference; fileEncoding = 4; lastKnownFileType = sourcecode.c.h; name = lauxlib.h; path = Classes/Lua/lauxlib.h; sourceTree = "<group>"; };
		9C9E23F81250801E00B6A127 /* lbaselib.c */ = {isa = PBXFileReference; fileEncoding = 4; lastKnownFileType = sourcecode.c.c; name = lbaselib.c; path = Classes/Lua/lbaselib.c; sourceTree = "<group>"; };
		9C9E23F91250801E00B6A127 /* lcode.c */ = {isa = PBXFileReference; fileEncoding = 4; lastKnownFileType = sourcecode.c.c; name = lcode.c; path = Classes/Lua/lcode.c; sourceTree = "<group>"; };
		9C9E23FA1250801E00B6A127 /* lcode.h */ = {isa = PBXFileReference; fileEncoding = 4; lastKnownFileType = sourcecode.c.h; name = lcode.h; path = Classes/Lua/lcode.h; sourceTree = "<group>"; };
		9C9E23FB1250801E00B6A127 /* ldblib.c */ = {isa = PBXFileReference; fileEncoding = 4; lastKnownFileType = sourcecode.c.c; name = ldblib.c; path = Classes/Lua/ldblib.c; sourceTree = "<group>"; };
		9C9E23FC1250801E00B6A127 /* ldebug.c */ = {isa = PBXFileReference; fileEncoding = 4; lastKnownFileType = sourcecode.c.c; name = ldebug.c; path = Classes/Lua/ldebug.c; sourceTree = "<group>"; };
		9C9E23FD1250801E00B6A127 /* ldebug.h */ = {isa = PBXFileReference; fileEncoding = 4; lastKnownFileType = sourcecode.c.h; name = ldebug.h; path = Classes/Lua/ldebug.h; sourceTree = "<group>"; };
		9C9E23FE1250801E00B6A127 /* ldo.c */ = {isa = PBXFileReference; fileEncoding = 4; lastKnownFileType = sourcecode.c.c; name = ldo.c; path = Classes/Lua/ldo.c; sourceTree = "<group>"; };
		9C9E23FF1250801E00B6A127 /* ldo.h */ = {isa = PBXFileReference; fileEncoding = 4; lastKnownFileType = sourcecode.c.h; name = ldo.h; path = Classes/Lua/ldo.h; sourceTree = "<group>"; };
		9C9E24001250801E00B6A127 /* ldump.c */ = {isa = PBXFileReference; fileEncoding = 4; lastKnownFileType = sourcecode.c.c; name = ldump.c; path = Classes/Lua/ldump.c; sourceTree = "<group>"; };
		9C9E24011250801E00B6A127 /* lfunc.c */ = {isa = PBXFileReference; fileEncoding = 4; lastKnownFileType = sourcecode.c.c; name = lfunc.c; path = Classes/Lua/lfunc.c; sourceTree = "<group>"; };
		9C9E24021250801E00B6A127 /* lfunc.h */ = {isa = PBXFileReference; fileEncoding = 4; lastKnownFileType = sourcecode.c.h; name = lfunc.h; path = Classes/Lua/lfunc.h; sourceTree = "<group>"; };
		9C9E24031250801E00B6A127 /* lgc.c */ = {isa = PBXFileReference; fileEncoding = 4; lastKnownFileType = sourcecode.c.c; name = lgc.c; path = Classes/Lua/lgc.c; sourceTree = "<group>"; };
		9C9E24041250801E00B6A127 /* lgc.h */ = {isa = PBXFileReference; fileEncoding = 4; lastKnownFileType = sourcecode.c.h; name = lgc.h; path = Classes/Lua/lgc.h; sourceTree = "<group>"; };
		9C9E24051250801E00B6A127 /* linit.c */ = {isa = PBXFileReference; fileEncoding = 4; lastKnownFileType = sourcecode.c.c; name = linit.c; path = Classes/Lua/linit.c; sourceTree = "<group>"; };
		9C9E24061250801E00B6A127 /* liolib.c */ = {isa = PBXFileReference; fileEncoding = 4; lastKnownFileType = sourcecode.c.c; name = liolib.c; path = Classes/Lua/liolib.c; sourceTree = "<group>"; };
		9C9E24071250801E00B6A127 /* llex.c */ = {isa = PBXFileReference; fileEncoding = 4; lastKnownFileType = sourcecode.c.c; name = llex.c; path = Classes/Lua/llex.c; sourceTree = "<group>"; };
		9C9E24081250801E00B6A127 /* llex.h */ = {isa = PBXFileReference; fileEncoding = 4; lastKnownFileType = sourcecode.c.h; name = llex.h; path = Classes/Lua/llex.h; sourceTree = "<group>"; };
		9C9E24091250801E00B6A127 /* llimits.h */ = {isa = PBXFileReference; fileEncoding = 4; lastKnownFileType = sourcecode.c.h; name = llimits.h; path = Classes/Lua/llimits.h; sourceTree = "<group>"; };
		9C9E240A1250801E00B6A127 /* lmathlib.c */ = {isa = PBXFileReference; fileEncoding = 4; lastKnownFileType = sourcecode.c.c; name = lmathlib.c; path = Classes/Lua/lmathlib.c; sourceTree = "<group>"; };
		9C9E240B1250801E00B6A127 /* lmem.c */ = {isa = PBXFileReference; fileEncoding = 4; lastKnownFileType = sourcecode.c.c; name = lmem.c; path = Classes/Lua/lmem.c; sourceTree = "<group>"; };
		9C9E240C1250801E00B6A127 /* lmem.h */ = {isa = PBXFileReference; fileEncoding = 4; lastKnownFileType = sourcecode.c.h; name = lmem.h; path = Classes/Lua/lmem.h; sourceTree = "<group>"; };
		9C9E240D1250801E00B6A127 /* loadlib.c */ = {isa = PBXFileReference; fileEncoding = 4; lastKnownFileType = sourcecode.c.c; name = loadlib.c; path = Classes/Lua/loadlib.c; sourceTree = "<group>"; };
		9C9E240E1250801E00B6A127 /* lobject.c */ = {isa = PBXFileReference; fileEncoding = 4; lastKnownFileType = sourcecode.c.c; name = lobject.c; path = Classes/Lua/lobject.c; sourceTree = "<group>"; };
		9C9E240F1250801E00B6A127 /* lobject.h */ = {isa = PBXFileReference; fileEncoding = 4; lastKnownFileType = sourcecode.c.h; name = lobject.h; path = Classes/Lua/lobject.h; sourceTree = "<group>"; };
		9C9E24101250801E00B6A127 /* lopcodes.c */ = {isa = PBXFileReference; fileEncoding = 4; lastKnownFileType = sourcecode.c.c; name = lopcodes.c; path = Classes/Lua/lopcodes.c; sourceTree = "<group>"; };
		9C9E24111250801E00B6A127 /* lopcodes.h */ = {isa = PBXFileReference; fileEncoding = 4; lastKnownFileType = sourcecode.c.h; name = lopcodes.h; path = Classes/Lua/lopcodes.h; sourceTree = "<group>"; };
		9C9E24121250801E00B6A127 /* loslib.c */ = {isa = PBXFileReference; fileEncoding = 4; lastKnownFileType = sourcecode.c.c; name = loslib.c; path = Classes/Lua/loslib.c; sourceTree = "<group>"; };
		9C9E24131250801E00B6A127 /* lparser.c */ = {isa = PBXFileReference; fileEncoding = 4; lastKnownFileType = sourcecode.c.c; name = lparser.c; path = Classes/Lua/lparser.c; sourceTree = "<group>"; };
		9C9E24141250801E00B6A127 /* lparser.h */ = {isa = PBXFileReference; fileEncoding = 4; lastKnownFileType = sourcecode.c.h; name = lparser.h; path = Classes/Lua/lparser.h; sourceTree = "<group>"; };
		9C9E24151250801E00B6A127 /* lstate.c */ = {isa = PBXFileReference; fileEncoding = 4; lastKnownFileType = sourcecode.c.c; name = lstate.c; path = Classes/Lua/lstate.c; sourceTree = "<group>"; };
		9C9E24161250801E00B6A127 /* lstate.h */ = {isa = PBXFileReference; fileEncoding = 4; lastKnownFileType = sourcecode.c.h; name = lstate.h; path = Classes/Lua/lstate.h; sourceTree = "<group>"; };
		9C9E24171250801E00B6A127 /* lstring.c */ = {isa = PBXFileReference; fileEncoding = 4; lastKnownFileType = sourcecode.c.c; name = lstring.c; path = Classes/Lua/lstring.c; sourceTree = "<group>"; };
		9C9E24181250801E00B6A127 /* lstring.h */ = {isa = PBXFileReference; fileEncoding = 4; lastKnownFileType = sourcecode.c.h; name = lstring.h; path = Classes/Lua/lstring.h; sourceTree = "<group>"; };
		9C9E24191250801E00B6A127 /* lstrlib.c */ = {isa = PBXFileReference; fileEncoding = 4; lastKnownFileType = sourcecode.c.c; name = lstrlib.c; path = Classes/Lua/lstrlib.c; sourceTree = "<group>"; };
		9C9E241A1250801E00B6A127 /* ltable.c */ = {isa = PBXFileReference; fileEncoding = 4; lastKnownFileType = sourcecode.c.c; name = ltable.c; path = Classes/Lua/ltable.c; sourceTree = "<group>"; };
		9C9E241B1250801E00B6A127 /* ltable.h */ = {isa = PBXFileReference; fileEncoding = 4; lastKnownFileType = sourcecode.c.h; name = ltable.h; path = Classes/Lua/ltable.h; sourceTree = "<group>"; };
		9C9E241C1250801E00B6A127 /* ltablib.c */ = {isa = PBXFileReference; fileEncoding = 4; lastKnownFileType = sourcecode.c.c; name = ltablib.c; path = Classes/Lua/ltablib.c; sourceTree = "<group>"; };
		9C9E241D1250801E00B6A127 /* ltm.c */ = {isa = PBXFileReference; fileEncoding = 4; lastKnownFileType = sourcecode.c.c; name = ltm.c; path = Classes/Lua/ltm.c; sourceTree = "<group>"; };
		9C9E241E1250801E00B6A127 /* ltm.h */ = {isa = PBXFileReference; fileEncoding = 4; lastKnownFileType = sourcecode.c.h; name = ltm.h; path = Classes/Lua/ltm.h; sourceTree = "<group>"; };
		9C9E241F1250801E00B6A127 /* luaconf.h */ = {isa = PBXFileReference; fileEncoding = 4; lastKnownFileType = sourcecode.c.h; name = luaconf.h; path = Classes/Lua/luaconf.h; sourceTree = "<group>"; };
		9C9E24201250801E00B6A127 /* lualib.h */ = {isa = PBXFileReference; fileEncoding = 4; lastKnownFileType = sourcecode.c.h; name = lualib.h; path = Classes/Lua/lualib.h; sourceTree = "<group>"; };
		9C9E24211250801E00B6A127 /* lundump.c */ = {isa = PBXFileReference; fileEncoding = 4; lastKnownFileType = sourcecode.c.c; name = lundump.c; path = Classes/Lua/lundump.c; sourceTree = "<group>"; };
		9C9E24221250801E00B6A127 /* lundump.h */ = {isa = PBXFileReference; fileEncoding = 4; lastKnownFileType = sourcecode.c.h; name = lundump.h; path = Classes/Lua/lundump.h; sourceTree = "<group>"; };
		9C9E24231250801E00B6A127 /* lvm.c */ = {isa = PBXFileReference; fileEncoding = 4; lastKnownFileType = sourcecode.c.c; name = lvm.c; path = Classes/Lua/lvm.c; sourceTree = "<group>"; };
		9C9E24241250801E00B6A127 /* lvm.h */ = {isa = PBXFileReference; fileEncoding = 4; lastKnownFileType = sourcecode.c.h; name = lvm.h; path = Classes/Lua/lvm.h; sourceTree = "<group>"; };
		9C9E24251250801E00B6A127 /* lzio.c */ = {isa = PBXFileReference; fileEncoding = 4; lastKnownFileType = sourcecode.c.c; name = lzio.c; path = Classes/Lua/lzio.c; sourceTree = "<group>"; };
		9C9E24261250801E00B6A127 /* lzio.h */ = {isa = PBXFileReference; fileEncoding = 4; lastKnownFileType = sourcecode.c.h; name = lzio.h; path = Classes/Lua/lzio.h; sourceTree = "<group>"; };
		9C9E24461250804100B6A127 /* lua.h */ = {isa = PBXFileReference; fileEncoding = 4; lastKnownFileType = sourcecode.c.h; name = lua.h; path = Classes/Lua/lua.h; sourceTree = "<group>"; };
		9CCB00E212CC79A400DD92C9 /* 1-compacted.xml */ = {isa = PBXFileReference; fileEncoding = 4; lastKnownFileType = text.xml; name = "1-compacted.xml"; path = "Resources/1-compacted.xml"; sourceTree = "<group>"; };
		9CCB00E312CC79A400DD92C9 /* 1-texture.png */ = {isa = PBXFileReference; lastKnownFileType = image.png; name = "1-texture.png"; path = "Resources/1-texture.png"; sourceTree = "<group>"; };
		9CCB00E412CC79A400DD92C9 /* 10-compacted.xml */ = {isa = PBXFileReference; fileEncoding = 4; lastKnownFileType = text.xml; name = "10-compacted.xml"; path = "Resources/10-compacted.xml"; sourceTree = "<group>"; };
		9CCB00E512CC79A400DD92C9 /* 10-texture-0.png */ = {isa = PBXFileReference; lastKnownFileType = image.png; name = "10-texture-0.png"; path = "Resources/10-texture-0.png"; sourceTree = "<group>"; };
		9CCB00E612CC79A400DD92C9 /* 10-texture-1.png */ = {isa = PBXFileReference; lastKnownFileType = image.png; name = "10-texture-1.png"; path = "Resources/10-texture-1.png"; sourceTree = "<group>"; };
		9CCB00E712CC79A400DD92C9 /* 11-compacted.xml */ = {isa = PBXFileReference; fileEncoding = 4; lastKnownFileType = text.xml; name = "11-compacted.xml"; path = "Resources/11-compacted.xml"; sourceTree = "<group>"; };
		9CCB00E812CC79A400DD92C9 /* 11-texture.png */ = {isa = PBXFileReference; lastKnownFileType = image.png; name = "11-texture.png"; path = "Resources/11-texture.png"; sourceTree = "<group>"; };
		9CCB00E912CC79A400DD92C9 /* 12-compacted.xml */ = {isa = PBXFileReference; fileEncoding = 4; lastKnownFileType = text.xml; name = "12-compacted.xml"; path = "Resources/12-compacted.xml"; sourceTree = "<group>"; };
		9CCB00EA12CC79A400DD92C9 /* 12-texture.png */ = {isa = PBXFileReference; lastKnownFileType = image.png; name = "12-texture.png"; path = "Resources/12-texture.png"; sourceTree = "<group>"; };
		9CCB00EB12CC79A400DD92C9 /* 13-compacted.xml */ = {isa = PBXFileReference; fileEncoding = 4; lastKnownFileType = text.xml; name = "13-compacted.xml"; path = "Resources/13-compacted.xml"; sourceTree = "<group>"; };
		9CCB00EC12CC79A400DD92C9 /* 13-texture.png */ = {isa = PBXFileReference; lastKnownFileType = image.png; name = "13-texture.png"; path = "Resources/13-texture.png"; sourceTree = "<group>"; };
		9CCB00ED12CC79A400DD92C9 /* 14-compacted.xml */ = {isa = PBXFileReference; fileEncoding = 4; lastKnownFileType = text.xml; name = "14-compacted.xml"; path = "Resources/14-compacted.xml"; sourceTree = "<group>"; };
		9CCB00EE12CC79A400DD92C9 /* 14-texture.png */ = {isa = PBXFileReference; lastKnownFileType = image.png; name = "14-texture.png"; path = "Resources/14-texture.png"; sourceTree = "<group>"; };
		9CCB00EF12CC79A400DD92C9 /* 15-compacted.xml */ = {isa = PBXFileReference; fileEncoding = 4; lastKnownFileType = text.xml; name = "15-compacted.xml"; path = "Resources/15-compacted.xml"; sourceTree = "<group>"; };
		9CCB00F012CC79A400DD92C9 /* 15-texture.png */ = {isa = PBXFileReference; lastKnownFileType = image.png; name = "15-texture.png"; path = "Resources/15-texture.png"; sourceTree = "<group>"; };
		9CCB00F112CC79A400DD92C9 /* 16-compacted.xml */ = {isa = PBXFileReference; fileEncoding = 4; lastKnownFileType = text.xml; name = "16-compacted.xml"; path = "Resources/16-compacted.xml"; sourceTree = "<group>"; };
		9CCB00F212CC79A400DD92C9 /* 16-texture.png */ = {isa = PBXFileReference; lastKnownFileType = image.png; name = "16-texture.png"; path = "Resources/16-texture.png"; sourceTree = "<group>"; };
		9CCB00F312CC79A400DD92C9 /* 17-compacted.xml */ = {isa = PBXFileReference; fileEncoding = 4; lastKnownFileType = text.xml; name = "17-compacted.xml"; path = "Resources/17-compacted.xml"; sourceTree = "<group>"; };
		9CCB00F412CC79A400DD92C9 /* 17-texture-0.png */ = {isa = PBXFileReference; lastKnownFileType = image.png; name = "17-texture-0.png"; path = "Resources/17-texture-0.png"; sourceTree = "<group>"; };
		9CCB00F512CC79A400DD92C9 /* 17-texture-1.png */ = {isa = PBXFileReference; lastKnownFileType = image.png; name = "17-texture-1.png"; path = "Resources/17-texture-1.png"; sourceTree = "<group>"; };
		9CCB00F612CC79A400DD92C9 /* 18-compacted.xml */ = {isa = PBXFileReference; fileEncoding = 4; lastKnownFileType = text.xml; name = "18-compacted.xml"; path = "Resources/18-compacted.xml"; sourceTree = "<group>"; };
		9CCB00F712CC79A400DD92C9 /* 18-texture.png */ = {isa = PBXFileReference; lastKnownFileType = image.png; name = "18-texture.png"; path = "Resources/18-texture.png"; sourceTree = "<group>"; };
		9CCB00F812CC79A400DD92C9 /* 19-compacted.xml */ = {isa = PBXFileReference; fileEncoding = 4; lastKnownFileType = text.xml; name = "19-compacted.xml"; path = "Resources/19-compacted.xml"; sourceTree = "<group>"; };
		9CCB00F912CC79A400DD92C9 /* 19-texture.png */ = {isa = PBXFileReference; lastKnownFileType = image.png; name = "19-texture.png"; path = "Resources/19-texture.png"; sourceTree = "<group>"; };
		9CCB00FA12CC79A400DD92C9 /* 2-compacted.xml */ = {isa = PBXFileReference; fileEncoding = 4; lastKnownFileType = text.xml; name = "2-compacted.xml"; path = "Resources/2-compacted.xml"; sourceTree = "<group>"; };
		9CCB00FB12CC79A400DD92C9 /* 2-texture.png */ = {isa = PBXFileReference; lastKnownFileType = image.png; name = "2-texture.png"; path = "Resources/2-texture.png"; sourceTree = "<group>"; };
		9CCB00FC12CC79A400DD92C9 /* 20-compacted.xml */ = {isa = PBXFileReference; fileEncoding = 4; lastKnownFileType = text.xml; name = "20-compacted.xml"; path = "Resources/20-compacted.xml"; sourceTree = "<group>"; };
		9CCB00FD12CC79A400DD92C9 /* 20-texture.png */ = {isa = PBXFileReference; lastKnownFileType = image.png; name = "20-texture.png"; path = "Resources/20-texture.png"; sourceTree = "<group>"; };
		9CCB00FE12CC79A400DD92C9 /* 21-compacted.xml */ = {isa = PBXFileReference; fileEncoding = 4; lastKnownFileType = text.xml; name = "21-compacted.xml"; path = "Resources/21-compacted.xml"; sourceTree = "<group>"; };
		9CCB00FF12CC79A400DD92C9 /* 21-texture.png */ = {isa = PBXFileReference; lastKnownFileType = image.png; name = "21-texture.png"; path = "Resources/21-texture.png"; sourceTree = "<group>"; };
		9CCB010012CC79A400DD92C9 /* 22-compacted.xml */ = {isa = PBXFileReference; fileEncoding = 4; lastKnownFileType = text.xml; name = "22-compacted.xml"; path = "Resources/22-compacted.xml"; sourceTree = "<group>"; };
		9CCB010112CC79A400DD92C9 /* 22-texture.png */ = {isa = PBXFileReference; lastKnownFileType = image.png; name = "22-texture.png"; path = "Resources/22-texture.png"; sourceTree = "<group>"; };
		9CCB010212CC79A400DD92C9 /* 23-compacted.xml */ = {isa = PBXFileReference; fileEncoding = 4; lastKnownFileType = text.xml; name = "23-compacted.xml"; path = "Resources/23-compacted.xml"; sourceTree = "<group>"; };
		9CCB010312CC79A400DD92C9 /* 23-texture-0.png */ = {isa = PBXFileReference; lastKnownFileType = image.png; name = "23-texture-0.png"; path = "Resources/23-texture-0.png"; sourceTree = "<group>"; };
		9CCB010412CC79A400DD92C9 /* 23-texture-1.png */ = {isa = PBXFileReference; lastKnownFileType = image.png; name = "23-texture-1.png"; path = "Resources/23-texture-1.png"; sourceTree = "<group>"; };
		9CCB010512CC79A400DD92C9 /* 23-texture-2.png */ = {isa = PBXFileReference; lastKnownFileType = image.png; name = "23-texture-2.png"; path = "Resources/23-texture-2.png"; sourceTree = "<group>"; };
		9CCB010612CC79A400DD92C9 /* 24-compacted.xml */ = {isa = PBXFileReference; fileEncoding = 4; lastKnownFileType = text.xml; name = "24-compacted.xml"; path = "Resources/24-compacted.xml"; sourceTree = "<group>"; };
		9CCB010712CC79A400DD92C9 /* 24-texture-0.png */ = {isa = PBXFileReference; lastKnownFileType = image.png; name = "24-texture-0.png"; path = "Resources/24-texture-0.png"; sourceTree = "<group>"; };
		9CCB010812CC79A400DD92C9 /* 24-texture-1.png */ = {isa = PBXFileReference; lastKnownFileType = image.png; name = "24-texture-1.png"; path = "Resources/24-texture-1.png"; sourceTree = "<group>"; };
		9CCB010912CC79A400DD92C9 /* 25-compacted.xml */ = {isa = PBXFileReference; fileEncoding = 4; lastKnownFileType = text.xml; name = "25-compacted.xml"; path = "Resources/25-compacted.xml"; sourceTree = "<group>"; };
		9CCB010A12CC79A400DD92C9 /* 25-texture.png */ = {isa = PBXFileReference; lastKnownFileType = image.png; name = "25-texture.png"; path = "Resources/25-texture.png"; sourceTree = "<group>"; };
		9CCB010B12CC79A400DD92C9 /* 3-compacted.xml */ = {isa = PBXFileReference; fileEncoding = 4; lastKnownFileType = text.xml; name = "3-compacted.xml"; path = "Resources/3-compacted.xml"; sourceTree = "<group>"; };
		9CCB010C12CC79A400DD92C9 /* 3-texture.png */ = {isa = PBXFileReference; lastKnownFileType = image.png; name = "3-texture.png"; path = "Resources/3-texture.png"; sourceTree = "<group>"; };
		9CCB010D12CC79A400DD92C9 /* 4-compacted.xml */ = {isa = PBXFileReference; fileEncoding = 4; lastKnownFileType = text.xml; name = "4-compacted.xml"; path = "Resources/4-compacted.xml"; sourceTree = "<group>"; };
		9CCB010E12CC79A400DD92C9 /* 4-texture.png */ = {isa = PBXFileReference; lastKnownFileType = image.png; name = "4-texture.png"; path = "Resources/4-texture.png"; sourceTree = "<group>"; };
		9CCB010F12CC79A400DD92C9 /* 5-compacted.xml */ = {isa = PBXFileReference; fileEncoding = 4; lastKnownFileType = text.xml; name = "5-compacted.xml"; path = "Resources/5-compacted.xml"; sourceTree = "<group>"; };
		9CCB011012CC79A400DD92C9 /* 5-texture-0.png */ = {isa = PBXFileReference; lastKnownFileType = image.png; name = "5-texture-0.png"; path = "Resources/5-texture-0.png"; sourceTree = "<group>"; };
		9CCB011112CC79A400DD92C9 /* 5-texture-1.png */ = {isa = PBXFileReference; lastKnownFileType = image.png; name = "5-texture-1.png"; path = "Resources/5-texture-1.png"; sourceTree = "<group>"; };
		9CCB011212CC79A400DD92C9 /* 6-compacted.xml */ = {isa = PBXFileReference; fileEncoding = 4; lastKnownFileType = text.xml; name = "6-compacted.xml"; path = "Resources/6-compacted.xml"; sourceTree = "<group>"; };
		9CCB011312CC79A400DD92C9 /* 6-texture.png */ = {isa = PBXFileReference; lastKnownFileType = image.png; name = "6-texture.png"; path = "Resources/6-texture.png"; sourceTree = "<group>"; };
		9CCB011412CC79A400DD92C9 /* 7-compacted.xml */ = {isa = PBXFileReference; fileEncoding = 4; lastKnownFileType = text.xml; name = "7-compacted.xml"; path = "Resources/7-compacted.xml"; sourceTree = "<group>"; };
		9CCB011512CC79A400DD92C9 /* 7-texture.png */ = {isa = PBXFileReference; lastKnownFileType = image.png; name = "7-texture.png"; path = "Resources/7-texture.png"; sourceTree = "<group>"; };
		9CCB011612CC79A400DD92C9 /* 8-compacted.xml */ = {isa = PBXFileReference; fileEncoding = 4; lastKnownFileType = text.xml; name = "8-compacted.xml"; path = "Resources/8-compacted.xml"; sourceTree = "<group>"; };
		9CCB011712CC79A400DD92C9 /* 8-texture.png */ = {isa = PBXFileReference; lastKnownFileType = image.png; name = "8-texture.png"; path = "Resources/8-texture.png"; sourceTree = "<group>"; };
		9CCB011812CC79A400DD92C9 /* 9-compacted.xml */ = {isa = PBXFileReference; fileEncoding = 4; lastKnownFileType = text.xml; name = "9-compacted.xml"; path = "Resources/9-compacted.xml"; sourceTree = "<group>"; };
		9CCB011912CC79A400DD92C9 /* 9-texture-0.png */ = {isa = PBXFileReference; lastKnownFileType = image.png; name = "9-texture-0.png"; path = "Resources/9-texture-0.png"; sourceTree = "<group>"; };
		9CCB011A12CC79A400DD92C9 /* 9-texture-1.png */ = {isa = PBXFileReference; lastKnownFileType = image.png; name = "9-texture-1.png"; path = "Resources/9-texture-1.png"; sourceTree = "<group>"; };
		9CE83E4D1251CC530075D1B7 /* gl_wrap.m */ = {isa = PBXFileReference; fileEncoding = 4; lastKnownFileType = sourcecode.c.objc; path = gl_wrap.m; sourceTree = "<group>"; };
		9CE83E7D1251CEFE0075D1B7 /* goya.lua */ = {isa = PBXFileReference; fileEncoding = 4; lastKnownFileType = text; path = goya.lua; sourceTree = "<group>"; };
		9CE83EE21251F1020075D1B7 /* Box2D_wrap.mm */ = {isa = PBXFileReference; fileEncoding = 4; lastKnownFileType = sourcecode.cpp.objcpp; path = Box2D_wrap.mm; sourceTree = "<group>"; };
		9CFDCBF312475A91000801B0 /* Box2D.h */ = {isa = PBXFileReference; fileEncoding = 4; lastKnownFileType = sourcecode.c.h; path = Box2D.h; sourceTree = "<group>"; };
		9CFDCBF512475A91000801B0 /* b2BroadPhase.cpp */ = {isa = PBXFileReference; fileEncoding = 4; lastKnownFileType = sourcecode.cpp.cpp; path = b2BroadPhase.cpp; sourceTree = "<group>"; };
		9CFDCBF612475A91000801B0 /* b2BroadPhase.h */ = {isa = PBXFileReference; fileEncoding = 4; lastKnownFileType = sourcecode.c.h; path = b2BroadPhase.h; sourceTree = "<group>"; };
		9CFDCBF712475A91000801B0 /* b2CollideCircle.cpp */ = {isa = PBXFileReference; fileEncoding = 4; lastKnownFileType = sourcecode.cpp.cpp; path = b2CollideCircle.cpp; sourceTree = "<group>"; };
		9CFDCBF812475A91000801B0 /* b2CollidePolygon.cpp */ = {isa = PBXFileReference; fileEncoding = 4; lastKnownFileType = sourcecode.cpp.cpp; path = b2CollidePolygon.cpp; sourceTree = "<group>"; };
		9CFDCBF912475A91000801B0 /* b2Collision.cpp */ = {isa = PBXFileReference; fileEncoding = 4; lastKnownFileType = sourcecode.cpp.cpp; path = b2Collision.cpp; sourceTree = "<group>"; };
		9CFDCBFA12475A91000801B0 /* b2Collision.h */ = {isa = PBXFileReference; fileEncoding = 4; lastKnownFileType = sourcecode.c.h; path = b2Collision.h; sourceTree = "<group>"; };
		9CFDCBFB12475A91000801B0 /* b2Distance.cpp */ = {isa = PBXFileReference; fileEncoding = 4; lastKnownFileType = sourcecode.cpp.cpp; path = b2Distance.cpp; sourceTree = "<group>"; };
		9CFDCBFC12475A91000801B0 /* b2Distance.h */ = {isa = PBXFileReference; fileEncoding = 4; lastKnownFileType = sourcecode.c.h; path = b2Distance.h; sourceTree = "<group>"; };
		9CFDCBFD12475A91000801B0 /* b2DynamicTree.cpp */ = {isa = PBXFileReference; fileEncoding = 4; lastKnownFileType = sourcecode.cpp.cpp; path = b2DynamicTree.cpp; sourceTree = "<group>"; };
		9CFDCBFE12475A91000801B0 /* b2DynamicTree.h */ = {isa = PBXFileReference; fileEncoding = 4; lastKnownFileType = sourcecode.c.h; path = b2DynamicTree.h; sourceTree = "<group>"; };
		9CFDCBFF12475A91000801B0 /* b2TimeOfImpact.cpp */ = {isa = PBXFileReference; fileEncoding = 4; lastKnownFileType = sourcecode.cpp.cpp; path = b2TimeOfImpact.cpp; sourceTree = "<group>"; };
		9CFDCC0012475A91000801B0 /* b2TimeOfImpact.h */ = {isa = PBXFileReference; fileEncoding = 4; lastKnownFileType = sourcecode.c.h; path = b2TimeOfImpact.h; sourceTree = "<group>"; };
		9CFDCC0212475A91000801B0 /* b2CircleShape.cpp */ = {isa = PBXFileReference; fileEncoding = 4; lastKnownFileType = sourcecode.cpp.cpp; path = b2CircleShape.cpp; sourceTree = "<group>"; };
		9CFDCC0312475A91000801B0 /* b2CircleShape.h */ = {isa = PBXFileReference; fileEncoding = 4; lastKnownFileType = sourcecode.c.h; path = b2CircleShape.h; sourceTree = "<group>"; };
		9CFDCC0412475A91000801B0 /* b2PolygonShape.cpp */ = {isa = PBXFileReference; fileEncoding = 4; lastKnownFileType = sourcecode.cpp.cpp; path = b2PolygonShape.cpp; sourceTree = "<group>"; };
		9CFDCC0512475A91000801B0 /* b2PolygonShape.h */ = {isa = PBXFileReference; fileEncoding = 4; lastKnownFileType = sourcecode.c.h; path = b2PolygonShape.h; sourceTree = "<group>"; };
		9CFDCC0612475A91000801B0 /* b2Shape.h */ = {isa = PBXFileReference; fileEncoding = 4; lastKnownFileType = sourcecode.c.h; path = b2Shape.h; sourceTree = "<group>"; };
		9CFDCC0812475A91000801B0 /* b2BlockAllocator.cpp */ = {isa = PBXFileReference; fileEncoding = 4; lastKnownFileType = sourcecode.cpp.cpp; path = b2BlockAllocator.cpp; sourceTree = "<group>"; };
		9CFDCC0912475A91000801B0 /* b2BlockAllocator.h */ = {isa = PBXFileReference; fileEncoding = 4; lastKnownFileType = sourcecode.c.h; path = b2BlockAllocator.h; sourceTree = "<group>"; };
		9CFDCC0A12475A91000801B0 /* b2Math.cpp */ = {isa = PBXFileReference; fileEncoding = 4; lastKnownFileType = sourcecode.cpp.cpp; path = b2Math.cpp; sourceTree = "<group>"; };
		9CFDCC0B12475A91000801B0 /* b2Math.h */ = {isa = PBXFileReference; fileEncoding = 4; lastKnownFileType = sourcecode.c.h; path = b2Math.h; sourceTree = "<group>"; };
		9CFDCC0C12475A91000801B0 /* b2Settings.cpp */ = {isa = PBXFileReference; fileEncoding = 4; lastKnownFileType = sourcecode.cpp.cpp; path = b2Settings.cpp; sourceTree = "<group>"; };
		9CFDCC0D12475A91000801B0 /* b2Settings.h */ = {isa = PBXFileReference; fileEncoding = 4; lastKnownFileType = sourcecode.c.h; path = b2Settings.h; sourceTree = "<group>"; };
		9CFDCC0E12475A91000801B0 /* b2StackAllocator.cpp */ = {isa = PBXFileReference; fileEncoding = 4; lastKnownFileType = sourcecode.cpp.cpp; path = b2StackAllocator.cpp; sourceTree = "<group>"; };
		9CFDCC0F12475A91000801B0 /* b2StackAllocator.h */ = {isa = PBXFileReference; fileEncoding = 4; lastKnownFileType = sourcecode.c.h; path = b2StackAllocator.h; sourceTree = "<group>"; };
		9CFDCC1112475A91000801B0 /* b2Body.cpp */ = {isa = PBXFileReference; fileEncoding = 4; lastKnownFileType = sourcecode.cpp.cpp; path = b2Body.cpp; sourceTree = "<group>"; };
		9CFDCC1212475A91000801B0 /* b2Body.h */ = {isa = PBXFileReference; fileEncoding = 4; lastKnownFileType = sourcecode.c.h; path = b2Body.h; sourceTree = "<group>"; };
		9CFDCC1312475A91000801B0 /* b2ContactManager.cpp */ = {isa = PBXFileReference; fileEncoding = 4; lastKnownFileType = sourcecode.cpp.cpp; path = b2ContactManager.cpp; sourceTree = "<group>"; };
		9CFDCC1412475A91000801B0 /* b2ContactManager.h */ = {isa = PBXFileReference; fileEncoding = 4; lastKnownFileType = sourcecode.c.h; path = b2ContactManager.h; sourceTree = "<group>"; };
		9CFDCC1512475A91000801B0 /* b2Fixture.cpp */ = {isa = PBXFileReference; fileEncoding = 4; lastKnownFileType = sourcecode.cpp.cpp; path = b2Fixture.cpp; sourceTree = "<group>"; };
		9CFDCC1612475A91000801B0 /* b2Fixture.h */ = {isa = PBXFileReference; fileEncoding = 4; lastKnownFileType = sourcecode.c.h; path = b2Fixture.h; sourceTree = "<group>"; };
		9CFDCC1712475A91000801B0 /* b2Island.cpp */ = {isa = PBXFileReference; fileEncoding = 4; lastKnownFileType = sourcecode.cpp.cpp; path = b2Island.cpp; sourceTree = "<group>"; };
		9CFDCC1812475A91000801B0 /* b2Island.h */ = {isa = PBXFileReference; fileEncoding = 4; lastKnownFileType = sourcecode.c.h; path = b2Island.h; sourceTree = "<group>"; };
		9CFDCC1912475A91000801B0 /* b2TimeStep.h */ = {isa = PBXFileReference; fileEncoding = 4; lastKnownFileType = sourcecode.c.h; path = b2TimeStep.h; sourceTree = "<group>"; };
		9CFDCC1A12475A91000801B0 /* b2World.cpp */ = {isa = PBXFileReference; fileEncoding = 4; lastKnownFileType = sourcecode.cpp.cpp; path = b2World.cpp; sourceTree = "<group>"; };
		9CFDCC1B12475A91000801B0 /* b2World.h */ = {isa = PBXFileReference; fileEncoding = 4; lastKnownFileType = sourcecode.c.h; path = b2World.h; sourceTree = "<group>"; };
		9CFDCC1C12475A91000801B0 /* b2WorldCallbacks.cpp */ = {isa = PBXFileReference; fileEncoding = 4; lastKnownFileType = sourcecode.cpp.cpp; path = b2WorldCallbacks.cpp; sourceTree = "<group>"; };
		9CFDCC1D12475A91000801B0 /* b2WorldCallbacks.h */ = {isa = PBXFileReference; fileEncoding = 4; lastKnownFileType = sourcecode.c.h; path = b2WorldCallbacks.h; sourceTree = "<group>"; };
		9CFDCC1F12475A91000801B0 /* b2CircleContact.cpp */ = {isa = PBXFileReference; fileEncoding = 4; lastKnownFileType = sourcecode.cpp.cpp; path = b2CircleContact.cpp; sourceTree = "<group>"; };
		9CFDCC2012475A91000801B0 /* b2CircleContact.h */ = {isa = PBXFileReference; fileEncoding = 4; lastKnownFileType = sourcecode.c.h; path = b2CircleContact.h; sourceTree = "<group>"; };
		9CFDCC2112475A91000801B0 /* b2Contact.cpp */ = {isa = PBXFileReference; fileEncoding = 4; lastKnownFileType = sourcecode.cpp.cpp; path = b2Contact.cpp; sourceTree = "<group>"; };
		9CFDCC2212475A91000801B0 /* b2Contact.h */ = {isa = PBXFileReference; fileEncoding = 4; lastKnownFileType = sourcecode.c.h; path = b2Contact.h; sourceTree = "<group>"; };
		9CFDCC2312475A91000801B0 /* b2ContactSolver.cpp */ = {isa = PBXFileReference; fileEncoding = 4; lastKnownFileType = sourcecode.cpp.cpp; path = b2ContactSolver.cpp; sourceTree = "<group>"; };
		9CFDCC2412475A91000801B0 /* b2ContactSolver.h */ = {isa = PBXFileReference; fileEncoding = 4; lastKnownFileType = sourcecode.c.h; path = b2ContactSolver.h; sourceTree = "<group>"; };
		9CFDCC2512475A91000801B0 /* b2PolygonAndCircleContact.cpp */ = {isa = PBXFileReference; fileEncoding = 4; lastKnownFileType = sourcecode.cpp.cpp; path = b2PolygonAndCircleContact.cpp; sourceTree = "<group>"; };
		9CFDCC2612475A91000801B0 /* b2PolygonAndCircleContact.h */ = {isa = PBXFileReference; fileEncoding = 4; lastKnownFileType = sourcecode.c.h; path = b2PolygonAndCircleContact.h; sourceTree = "<group>"; };
		9CFDCC2712475A91000801B0 /* b2PolygonContact.cpp */ = {isa = PBXFileReference; fileEncoding = 4; lastKnownFileType = sourcecode.cpp.cpp; path = b2PolygonContact.cpp; sourceTree = "<group>"; };
		9CFDCC2812475A91000801B0 /* b2PolygonContact.h */ = {isa = PBXFileReference; fileEncoding = 4; lastKnownFileType = sourcecode.c.h; path = b2PolygonContact.h; sourceTree = "<group>"; };
		9CFDCC2912475A91000801B0 /* b2TOISolver.cpp */ = {isa = PBXFileReference; fileEncoding = 4; lastKnownFileType = sourcecode.cpp.cpp; path = b2TOISolver.cpp; sourceTree = "<group>"; };
		9CFDCC2A12475A91000801B0 /* b2TOISolver.h */ = {isa = PBXFileReference; fileEncoding = 4; lastKnownFileType = sourcecode.c.h; path = b2TOISolver.h; sourceTree = "<group>"; };
		9CFDCC2C12475A91000801B0 /* b2DistanceJoint.cpp */ = {isa = PBXFileReference; fileEncoding = 4; lastKnownFileType = sourcecode.cpp.cpp; path = b2DistanceJoint.cpp; sourceTree = "<group>"; };
		9CFDCC2D12475A91000801B0 /* b2DistanceJoint.h */ = {isa = PBXFileReference; fileEncoding = 4; lastKnownFileType = sourcecode.c.h; path = b2DistanceJoint.h; sourceTree = "<group>"; };
		9CFDCC2E12475A91000801B0 /* b2FrictionJoint.cpp */ = {isa = PBXFileReference; fileEncoding = 4; lastKnownFileType = sourcecode.cpp.cpp; path = b2FrictionJoint.cpp; sourceTree = "<group>"; };
		9CFDCC2F12475A91000801B0 /* b2FrictionJoint.h */ = {isa = PBXFileReference; fileEncoding = 4; lastKnownFileType = sourcecode.c.h; path = b2FrictionJoint.h; sourceTree = "<group>"; };
		9CFDCC3012475A91000801B0 /* b2GearJoint.cpp */ = {isa = PBXFileReference; fileEncoding = 4; lastKnownFileType = sourcecode.cpp.cpp; path = b2GearJoint.cpp; sourceTree = "<group>"; };
		9CFDCC3112475A91000801B0 /* b2GearJoint.h */ = {isa = PBXFileReference; fileEncoding = 4; lastKnownFileType = sourcecode.c.h; path = b2GearJoint.h; sourceTree = "<group>"; };
		9CFDCC3212475A91000801B0 /* b2Joint.cpp */ = {isa = PBXFileReference; fileEncoding = 4; lastKnownFileType = sourcecode.cpp.cpp; path = b2Joint.cpp; sourceTree = "<group>"; };
		9CFDCC3312475A91000801B0 /* b2Joint.h */ = {isa = PBXFileReference; fileEncoding = 4; lastKnownFileType = sourcecode.c.h; path = b2Joint.h; sourceTree = "<group>"; };
		9CFDCC3412475A91000801B0 /* b2LineJoint.cpp */ = {isa = PBXFileReference; fileEncoding = 4; lastKnownFileType = sourcecode.cpp.cpp; path = b2LineJoint.cpp; sourceTree = "<group>"; };
		9CFDCC3512475A91000801B0 /* b2LineJoint.h */ = {isa = PBXFileReference; fileEncoding = 4; lastKnownFileType = sourcecode.c.h; path = b2LineJoint.h; sourceTree = "<group>"; };
		9CFDCC3612475A91000801B0 /* b2MouseJoint.cpp */ = {isa = PBXFileReference; fileEncoding = 4; lastKnownFileType = sourcecode.cpp.cpp; path = b2MouseJoint.cpp; sourceTree = "<group>"; };
		9CFDCC3712475A91000801B0 /* b2MouseJoint.h */ = {isa = PBXFileReference; fileEncoding = 4; lastKnownFileType = sourcecode.c.h; path = b2MouseJoint.h; sourceTree = "<group>"; };
		9CFDCC3812475A91000801B0 /* b2PrismaticJoint.cpp */ = {isa = PBXFileReference; fileEncoding = 4; lastKnownFileType = sourcecode.cpp.cpp; path = b2PrismaticJoint.cpp; sourceTree = "<group>"; };
		9CFDCC3912475A91000801B0 /* b2PrismaticJoint.h */ = {isa = PBXFileReference; fileEncoding = 4; lastKnownFileType = sourcecode.c.h; path = b2PrismaticJoint.h; sourceTree = "<group>"; };
		9CFDCC3A12475A91000801B0 /* b2PulleyJoint.cpp */ = {isa = PBXFileReference; fileEncoding = 4; lastKnownFileType = sourcecode.cpp.cpp; path = b2PulleyJoint.cpp; sourceTree = "<group>"; };
		9CFDCC3B12475A91000801B0 /* b2PulleyJoint.h */ = {isa = PBXFileReference; fileEncoding = 4; lastKnownFileType = sourcecode.c.h; path = b2PulleyJoint.h; sourceTree = "<group>"; };
		9CFDCC3C12475A91000801B0 /* b2RevoluteJoint.cpp */ = {isa = PBXFileReference; fileEncoding = 4; lastKnownFileType = sourcecode.cpp.cpp; path = b2RevoluteJoint.cpp; sourceTree = "<group>"; };
		9CFDCC3D12475A91000801B0 /* b2RevoluteJoint.h */ = {isa = PBXFileReference; fileEncoding = 4; lastKnownFileType = sourcecode.c.h; path = b2RevoluteJoint.h; sourceTree = "<group>"; };
		9CFDCC3E12475A91000801B0 /* b2WeldJoint.cpp */ = {isa = PBXFileReference; fileEncoding = 4; lastKnownFileType = sourcecode.cpp.cpp; path = b2WeldJoint.cpp; sourceTree = "<group>"; };
		9CFDCC3F12475A91000801B0 /* b2WeldJoint.h */ = {isa = PBXFileReference; fileEncoding = 4; lastKnownFileType = sourcecode.c.h; path = b2WeldJoint.h; sourceTree = "<group>"; };
/* End PBXFileReference section */

/* Begin PBXFrameworksBuildPhase section */
		1D60588F0D05DD3D006BFB54 /* Frameworks */ = {
			isa = PBXFrameworksBuildPhase;
			buildActionMask = 2147483647;
			files = (
				1D60589F0D05DD5A006BFB54 /* Foundation.framework in Frameworks */,
				1DF5F4E00D08C38300B7A737 /* UIKit.framework in Frameworks */,
				28FD15000DC6FC520079059D /* OpenGLES.framework in Frameworks */,
				28FD15080DC6FC5B0079059D /* QuartzCore.framework in Frameworks */,
				9C7BA9AD124702380057B829 /* CoreGraphics.framework in Frameworks */,
				9C5E382612928BF0008023F6 /* libxml2.dylib in Frameworks */,
			);
			runOnlyForDeploymentPostprocessing = 0;
		};
/* End PBXFrameworksBuildPhase section */

/* Begin PBXGroup section */
		080E96DDFE201D6D7F000001 /* Classes */ = {
			isa = PBXGroup;
			children = (
				9C7BA9A5124701CA0057B829 /* GLTexture.h */,
				9C7BA9A6124701CA0057B829 /* GLTexture.m */,
				2514C26D10084DB100A42282 /* ES1Renderer.h */,
				2514C26E10084DB100A42282 /* ES1Renderer.mm */,
				2514C27110084DB100A42282 /* ESRenderer.h */,
				28FD14FC0DC6FC130079059D /* EAGLView.h */,
				28FD14FD0DC6FC130079059D /* EAGLView.mm */,
				1D3623240D0F684500981E51 /* Box2DPracticeAppDelegate.h */,
				1D3623250D0F684500981E51 /* Box2DPracticeAppDelegate.m */,
			);
			path = Classes;
			sourceTree = "<group>";
		};
		19C28FACFE9D520D11CA2CBB /* Products */ = {
			isa = PBXGroup;
			children = (
				1D6058910D05DD3D006BFB54 /* Box2DPractice.app */,
			);
			name = Products;
			sourceTree = "<group>";
		};
		29B97314FDCFA39411CA2CEA /* CustomTemplate */ = {
			isa = PBXGroup;
			children = (
				9CE83E7C1251CEFE0075D1B7 /* lua */,
				080E96DDFE201D6D7F000001 /* Classes */,
				29B97315FDCFA39411CA2CEA /* Other Sources */,
				29B97317FDCFA39411CA2CEA /* Resources */,
				29B97323FDCFA39411CA2CEA /* Frameworks */,
				19C28FACFE9D520D11CA2CBB /* Products */,
			);
			name = CustomTemplate;
			sourceTree = "<group>";
		};
		29B97315FDCFA39411CA2CEA /* Other Sources */ = {
			isa = PBXGroup;
			children = (
				9C5E37F712928ABF008023F6 /* xml_wrap.mm */,
				9CE83EE21251F1020075D1B7 /* Box2D_wrap.mm */,
				9C9E23F312507F4200B6A127 /* Lua */,
				9CFDCBF212475A91000801B0 /* Box2D */,
				32CA4F630368D1EE00C91783 /* Box2DPractice_Prefix.pch */,
				29B97316FDCFA39411CA2CEA /* main.m */,
				9CE83E4D1251CC530075D1B7 /* gl_wrap.m */,
				9C9E23EF12507EBB00B6A127 /* GLTextureAdapter_wrap.mm */,
				9C6CD14912502DB600EE793B /* GLTextureAdapter.h */,
				9C6CD14A12502FB100EE793B /* GLTextureAdapter.mm */,
			);
			name = "Other Sources";
			sourceTree = "<group>";
		};
		29B97317FDCFA39411CA2CEA /* Resources */ = {
			isa = PBXGroup;
			children = (
				9C4FB1A012C86BAB00730255 /* Pages */,
				9CE83E751251CEC00075D1B7 /* lua */,
				28AD733E0D9D9553002E5188 /* MainWindow.xib */,
				8D1107310486CEB800E47090 /* Box2DPractice-Info.plist */,
			);
			name = Resources;
			sourceTree = "<group>";
		};
		29B97323FDCFA39411CA2CEA /* Frameworks */ = {
			isa = PBXGroup;
			children = (
				28FD15070DC6FC5B0079059D /* QuartzCore.framework */,
				28FD14FF0DC6FC520079059D /* OpenGLES.framework */,
				1DF5F4DF0D08C38300B7A737 /* UIKit.framework */,
				1D30AB110D05D00D00671497 /* Foundation.framework */,
				9C7BA9AC124702380057B829 /* CoreGraphics.framework */,
				9C5E382512928BF0008023F6 /* libxml2.dylib */,
			);
			name = Frameworks;
			sourceTree = "<group>";
		};
		9C4FB1A012C86BAB00730255 /* Pages */ = {
			isa = PBXGroup;
			children = (
				9CCB00E212CC79A400DD92C9 /* 1-compacted.xml */,
				9CCB00E312CC79A400DD92C9 /* 1-texture.png */,
				9CCB00E412CC79A400DD92C9 /* 10-compacted.xml */,
				9CCB00E512CC79A400DD92C9 /* 10-texture-0.png */,
				9CCB00E612CC79A400DD92C9 /* 10-texture-1.png */,
				9CCB00E712CC79A400DD92C9 /* 11-compacted.xml */,
				9CCB00E812CC79A400DD92C9 /* 11-texture.png */,
				9CCB00E912CC79A400DD92C9 /* 12-compacted.xml */,
				9CCB00EA12CC79A400DD92C9 /* 12-texture.png */,
				9CCB00EB12CC79A400DD92C9 /* 13-compacted.xml */,
				9CCB00EC12CC79A400DD92C9 /* 13-texture.png */,
				9CCB00ED12CC79A400DD92C9 /* 14-compacted.xml */,
				9CCB00EE12CC79A400DD92C9 /* 14-texture.png */,
				9CCB00EF12CC79A400DD92C9 /* 15-compacted.xml */,
				9CCB00F012CC79A400DD92C9 /* 15-texture.png */,
				9CCB00F112CC79A400DD92C9 /* 16-compacted.xml */,
				9CCB00F212CC79A400DD92C9 /* 16-texture.png */,
				9CCB00F312CC79A400DD92C9 /* 17-compacted.xml */,
				9CCB00F412CC79A400DD92C9 /* 17-texture-0.png */,
				9CCB00F512CC79A400DD92C9 /* 17-texture-1.png */,
				9CCB00F612CC79A400DD92C9 /* 18-compacted.xml */,
				9CCB00F712CC79A400DD92C9 /* 18-texture.png */,
				9CCB00F812CC79A400DD92C9 /* 19-compacted.xml */,
				9CCB00F912CC79A400DD92C9 /* 19-texture.png */,
				9CCB00FA12CC79A400DD92C9 /* 2-compacted.xml */,
				9CCB00FB12CC79A400DD92C9 /* 2-texture.png */,
				9CCB00FC12CC79A400DD92C9 /* 20-compacted.xml */,
				9CCB00FD12CC79A400DD92C9 /* 20-texture.png */,
				9CCB00FE12CC79A400DD92C9 /* 21-compacted.xml */,
				9CCB00FF12CC79A400DD92C9 /* 21-texture.png */,
				9CCB010012CC79A400DD92C9 /* 22-compacted.xml */,
				9CCB010112CC79A400DD92C9 /* 22-texture.png */,
				9CCB010212CC79A400DD92C9 /* 23-compacted.xml */,
				9CCB010312CC79A400DD92C9 /* 23-texture-0.png */,
				9CCB010412CC79A400DD92C9 /* 23-texture-1.png */,
				9CCB010512CC79A400DD92C9 /* 23-texture-2.png */,
				9CCB010612CC79A400DD92C9 /* 24-compacted.xml */,
				9CCB010712CC79A400DD92C9 /* 24-texture-0.png */,
				9CCB010812CC79A400DD92C9 /* 24-texture-1.png */,
				9CCB010912CC79A400DD92C9 /* 25-compacted.xml */,
				9CCB010A12CC79A400DD92C9 /* 25-texture.png */,
				9CCB010B12CC79A400DD92C9 /* 3-compacted.xml */,
				9CCB010C12CC79A400DD92C9 /* 3-texture.png */,
				9CCB010D12CC79A400DD92C9 /* 4-compacted.xml */,
				9CCB010E12CC79A400DD92C9 /* 4-texture.png */,
				9CCB010F12CC79A400DD92C9 /* 5-compacted.xml */,
				9CCB011012CC79A400DD92C9 /* 5-texture-0.png */,
				9CCB011112CC79A400DD92C9 /* 5-texture-1.png */,
				9CCB011212CC79A400DD92C9 /* 6-compacted.xml */,
				9CCB011312CC79A400DD92C9 /* 6-texture.png */,
				9CCB011412CC79A400DD92C9 /* 7-compacted.xml */,
				9CCB011512CC79A400DD92C9 /* 7-texture.png */,
				9CCB011612CC79A400DD92C9 /* 8-compacted.xml */,
				9CCB011712CC79A400DD92C9 /* 8-texture.png */,
				9CCB011812CC79A400DD92C9 /* 9-compacted.xml */,
				9CCB011912CC79A400DD92C9 /* 9-texture-0.png */,
				9CCB011A12CC79A400DD92C9 /* 9-texture-1.png */,
			);
			name = Pages;
			sourceTree = "<group>";
		};
		9C9E23F312507F4200B6A127 /* Lua */ = {
			isa = PBXGroup;
			children = (
				9C9E24461250804100B6A127 /* lua.h */,
				9C9E23F41250801E00B6A127 /* lapi.c */,
				9C9E23F51250801E00B6A127 /* lapi.h */,
				9C9E23F61250801E00B6A127 /* lauxlib.c */,
				9C9E23F71250801E00B6A127 /* lauxlib.h */,
				9C9E23F81250801E00B6A127 /* lbaselib.c */,
				9C9E23F91250801E00B6A127 /* lcode.c */,
				9C9E23FA1250801E00B6A127 /* lcode.h */,
				9C9E23FB1250801E00B6A127 /* ldblib.c */,
				9C9E23FC1250801E00B6A127 /* ldebug.c */,
				9C9E23FD1250801E00B6A127 /* ldebug.h */,
				9C9E23FE1250801E00B6A127 /* ldo.c */,
				9C9E23FF1250801E00B6A127 /* ldo.h */,
				9C9E24001250801E00B6A127 /* ldump.c */,
				9C9E24011250801E00B6A127 /* lfunc.c */,
				9C9E24021250801E00B6A127 /* lfunc.h */,
				9C9E24031250801E00B6A127 /* lgc.c */,
				9C9E24041250801E00B6A127 /* lgc.h */,
				9C9E24051250801E00B6A127 /* linit.c */,
				9C9E24061250801E00B6A127 /* liolib.c */,
				9C9E24071250801E00B6A127 /* llex.c */,
				9C9E24081250801E00B6A127 /* llex.h */,
				9C9E24091250801E00B6A127 /* llimits.h */,
				9C9E240A1250801E00B6A127 /* lmathlib.c */,
				9C9E240B1250801E00B6A127 /* lmem.c */,
				9C9E240C1250801E00B6A127 /* lmem.h */,
				9C9E240D1250801E00B6A127 /* loadlib.c */,
				9C9E240E1250801E00B6A127 /* lobject.c */,
				9C9E240F1250801E00B6A127 /* lobject.h */,
				9C9E24101250801E00B6A127 /* lopcodes.c */,
				9C9E24111250801E00B6A127 /* lopcodes.h */,
				9C9E24121250801E00B6A127 /* loslib.c */,
				9C9E24131250801E00B6A127 /* lparser.c */,
				9C9E24141250801E00B6A127 /* lparser.h */,
				9C9E24151250801E00B6A127 /* lstate.c */,
				9C9E24161250801E00B6A127 /* lstate.h */,
				9C9E24171250801E00B6A127 /* lstring.c */,
				9C9E24181250801E00B6A127 /* lstring.h */,
				9C9E24191250801E00B6A127 /* lstrlib.c */,
				9C9E241A1250801E00B6A127 /* ltable.c */,
				9C9E241B1250801E00B6A127 /* ltable.h */,
				9C9E241C1250801E00B6A127 /* ltablib.c */,
				9C9E241D1250801E00B6A127 /* ltm.c */,
				9C9E241E1250801E00B6A127 /* ltm.h */,
				9C9E241F1250801E00B6A127 /* luaconf.h */,
				9C9E24201250801E00B6A127 /* lualib.h */,
				9C9E24211250801E00B6A127 /* lundump.c */,
				9C9E24221250801E00B6A127 /* lundump.h */,
				9C9E24231250801E00B6A127 /* lvm.c */,
				9C9E24241250801E00B6A127 /* lvm.h */,
				9C9E24251250801E00B6A127 /* lzio.c */,
				9C9E24261250801E00B6A127 /* lzio.h */,
			);
			name = Lua;
			sourceTree = "<group>";
		};
		9CE83E751251CEC00075D1B7 /* lua */ = {
			isa = PBXGroup;
			children = (
				9C1C2E931293D598003BFE60 /* roda-11.lua */,
			);
			name = lua;
			sourceTree = "<group>";
		};
		9CE83E7C1251CEFE0075D1B7 /* lua */ = {
			isa = PBXGroup;
			children = (
				9CE83E7D1251CEFE0075D1B7 /* goya.lua */,
			);
			path = lua;
			sourceTree = "<group>";
		};
		9CFDCBF212475A91000801B0 /* Box2D */ = {
			isa = PBXGroup;
			children = (
				9CFDCBF312475A91000801B0 /* Box2D.h */,
				9CFDCBF412475A91000801B0 /* Collision */,
				9CFDCC0712475A91000801B0 /* Common */,
				9CFDCC1012475A91000801B0 /* Dynamics */,
			);
			name = Box2D;
			path = Classes/Box2D;
			sourceTree = "<group>";
		};
		9CFDCBF412475A91000801B0 /* Collision */ = {
			isa = PBXGroup;
			children = (
				9CFDCBF512475A91000801B0 /* b2BroadPhase.cpp */,
				9CFDCBF612475A91000801B0 /* b2BroadPhase.h */,
				9CFDCBF712475A91000801B0 /* b2CollideCircle.cpp */,
				9CFDCBF812475A91000801B0 /* b2CollidePolygon.cpp */,
				9CFDCBF912475A91000801B0 /* b2Collision.cpp */,
				9CFDCBFA12475A91000801B0 /* b2Collision.h */,
				9CFDCBFB12475A91000801B0 /* b2Distance.cpp */,
				9CFDCBFC12475A91000801B0 /* b2Distance.h */,
				9CFDCBFD12475A91000801B0 /* b2DynamicTree.cpp */,
				9CFDCBFE12475A91000801B0 /* b2DynamicTree.h */,
				9CFDCBFF12475A91000801B0 /* b2TimeOfImpact.cpp */,
				9CFDCC0012475A91000801B0 /* b2TimeOfImpact.h */,
				9CFDCC0112475A91000801B0 /* Shapes */,
			);
			path = Collision;
			sourceTree = "<group>";
		};
		9CFDCC0112475A91000801B0 /* Shapes */ = {
			isa = PBXGroup;
			children = (
				9CFDCC0212475A91000801B0 /* b2CircleShape.cpp */,
				9CFDCC0312475A91000801B0 /* b2CircleShape.h */,
				9CFDCC0412475A91000801B0 /* b2PolygonShape.cpp */,
				9CFDCC0512475A91000801B0 /* b2PolygonShape.h */,
				9CFDCC0612475A91000801B0 /* b2Shape.h */,
			);
			path = Shapes;
			sourceTree = "<group>";
		};
		9CFDCC0712475A91000801B0 /* Common */ = {
			isa = PBXGroup;
			children = (
				9CFDCC0812475A91000801B0 /* b2BlockAllocator.cpp */,
				9CFDCC0912475A91000801B0 /* b2BlockAllocator.h */,
				9CFDCC0A12475A91000801B0 /* b2Math.cpp */,
				9CFDCC0B12475A91000801B0 /* b2Math.h */,
				9CFDCC0C12475A91000801B0 /* b2Settings.cpp */,
				9CFDCC0D12475A91000801B0 /* b2Settings.h */,
				9CFDCC0E12475A91000801B0 /* b2StackAllocator.cpp */,
				9CFDCC0F12475A91000801B0 /* b2StackAllocator.h */,
			);
			path = Common;
			sourceTree = "<group>";
		};
		9CFDCC1012475A91000801B0 /* Dynamics */ = {
			isa = PBXGroup;
			children = (
				9CFDCC1112475A91000801B0 /* b2Body.cpp */,
				9CFDCC1212475A91000801B0 /* b2Body.h */,
				9CFDCC1312475A91000801B0 /* b2ContactManager.cpp */,
				9CFDCC1412475A91000801B0 /* b2ContactManager.h */,
				9CFDCC1512475A91000801B0 /* b2Fixture.cpp */,
				9CFDCC1612475A91000801B0 /* b2Fixture.h */,
				9CFDCC1712475A91000801B0 /* b2Island.cpp */,
				9CFDCC1812475A91000801B0 /* b2Island.h */,
				9CFDCC1912475A91000801B0 /* b2TimeStep.h */,
				9CFDCC1A12475A91000801B0 /* b2World.cpp */,
				9CFDCC1B12475A91000801B0 /* b2World.h */,
				9CFDCC1C12475A91000801B0 /* b2WorldCallbacks.cpp */,
				9CFDCC1D12475A91000801B0 /* b2WorldCallbacks.h */,
				9CFDCC1E12475A91000801B0 /* Contacts */,
				9CFDCC2B12475A91000801B0 /* Joints */,
			);
			path = Dynamics;
			sourceTree = "<group>";
		};
		9CFDCC1E12475A91000801B0 /* Contacts */ = {
			isa = PBXGroup;
			children = (
				9CFDCC1F12475A91000801B0 /* b2CircleContact.cpp */,
				9CFDCC2012475A91000801B0 /* b2CircleContact.h */,
				9CFDCC2112475A91000801B0 /* b2Contact.cpp */,
				9CFDCC2212475A91000801B0 /* b2Contact.h */,
				9CFDCC2312475A91000801B0 /* b2ContactSolver.cpp */,
				9CFDCC2412475A91000801B0 /* b2ContactSolver.h */,
				9CFDCC2512475A91000801B0 /* b2PolygonAndCircleContact.cpp */,
				9CFDCC2612475A91000801B0 /* b2PolygonAndCircleContact.h */,
				9CFDCC2712475A91000801B0 /* b2PolygonContact.cpp */,
				9CFDCC2812475A91000801B0 /* b2PolygonContact.h */,
				9CFDCC2912475A91000801B0 /* b2TOISolver.cpp */,
				9CFDCC2A12475A91000801B0 /* b2TOISolver.h */,
			);
			path = Contacts;
			sourceTree = "<group>";
		};
		9CFDCC2B12475A91000801B0 /* Joints */ = {
			isa = PBXGroup;
			children = (
				9CFDCC2C12475A91000801B0 /* b2DistanceJoint.cpp */,
				9CFDCC2D12475A91000801B0 /* b2DistanceJoint.h */,
				9CFDCC2E12475A91000801B0 /* b2FrictionJoint.cpp */,
				9CFDCC2F12475A91000801B0 /* b2FrictionJoint.h */,
				9CFDCC3012475A91000801B0 /* b2GearJoint.cpp */,
				9CFDCC3112475A91000801B0 /* b2GearJoint.h */,
				9CFDCC3212475A91000801B0 /* b2Joint.cpp */,
				9CFDCC3312475A91000801B0 /* b2Joint.h */,
				9CFDCC3412475A91000801B0 /* b2LineJoint.cpp */,
				9CFDCC3512475A91000801B0 /* b2LineJoint.h */,
				9CFDCC3612475A91000801B0 /* b2MouseJoint.cpp */,
				9CFDCC3712475A91000801B0 /* b2MouseJoint.h */,
				9CFDCC3812475A91000801B0 /* b2PrismaticJoint.cpp */,
				9CFDCC3912475A91000801B0 /* b2PrismaticJoint.h */,
				9CFDCC3A12475A91000801B0 /* b2PulleyJoint.cpp */,
				9CFDCC3B12475A91000801B0 /* b2PulleyJoint.h */,
				9CFDCC3C12475A91000801B0 /* b2RevoluteJoint.cpp */,
				9CFDCC3D12475A91000801B0 /* b2RevoluteJoint.h */,
				9CFDCC3E12475A91000801B0 /* b2WeldJoint.cpp */,
				9CFDCC3F12475A91000801B0 /* b2WeldJoint.h */,
			);
			path = Joints;
			sourceTree = "<group>";
		};
/* End PBXGroup section */

/* Begin PBXNativeTarget section */
		1D6058900D05DD3D006BFB54 /* Box2DPractice */ = {
			isa = PBXNativeTarget;
			buildConfigurationList = 1D6058960D05DD3E006BFB54 /* Build configuration list for PBXNativeTarget "Box2DPractice" */;
			buildPhases = (
				1D60588D0D05DD3D006BFB54 /* Resources */,
				1D60588E0D05DD3D006BFB54 /* Sources */,
				1D60588F0D05DD3D006BFB54 /* Frameworks */,
			);
			buildRules = (
			);
			dependencies = (
			);
			name = Box2DPractice;
			productName = Box2DPractice;
			productReference = 1D6058910D05DD3D006BFB54 /* Box2DPractice.app */;
			productType = "com.apple.product-type.application";
		};
/* End PBXNativeTarget section */

/* Begin PBXProject section */
		29B97313FDCFA39411CA2CEA /* Project object */ = {
			isa = PBXProject;
			buildConfigurationList = C01FCF4E08A954540054247B /* Build configuration list for PBXProject "Box2DPractice" */;
			compatibilityVersion = "Xcode 3.1";
			developmentRegion = English;
			hasScannedForEncodings = 1;
			knownRegions = (
				English,
				Japanese,
				French,
				German,
			);
			mainGroup = 29B97314FDCFA39411CA2CEA /* CustomTemplate */;
			projectDirPath = "";
			projectRoot = "";
			targets = (
				1D6058900D05DD3D006BFB54 /* Box2DPractice */,
			);
		};
/* End PBXProject section */

/* Begin PBXResourcesBuildPhase section */
		1D60588D0D05DD3D006BFB54 /* Resources */ = {
			isa = PBXResourcesBuildPhase;
			buildActionMask = 2147483647;
			files = (
				28AD733F0D9D9553002E5188 /* MainWindow.xib in Resources */,
				9C1C2E941293D598003BFE60 /* roda-11.lua in Resources */,
				9CCB011B12CC79A400DD92C9 /* 1-compacted.xml in Resources */,
				9CCB011C12CC79A400DD92C9 /* 1-texture.png in Resources */,
				9CCB011D12CC79A400DD92C9 /* 10-compacted.xml in Resources */,
				9CCB011E12CC79A400DD92C9 /* 10-texture-0.png in Resources */,
				9CCB011F12CC79A400DD92C9 /* 10-texture-1.png in Resources */,
				9CCB012012CC79A400DD92C9 /* 11-compacted.xml in Resources */,
				9CCB012112CC79A400DD92C9 /* 11-texture.png in Resources */,
				9CCB012212CC79A400DD92C9 /* 12-compacted.xml in Resources */,
				9CCB012312CC79A400DD92C9 /* 12-texture.png in Resources */,
				9CCB012412CC79A400DD92C9 /* 13-compacted.xml in Resources */,
				9CCB012512CC79A400DD92C9 /* 13-texture.png in Resources */,
				9CCB012612CC79A400DD92C9 /* 14-compacted.xml in Resources */,
				9CCB012712CC79A400DD92C9 /* 14-texture.png in Resources */,
				9CCB012812CC79A400DD92C9 /* 15-compacted.xml in Resources */,
				9CCB012912CC79A400DD92C9 /* 15-texture.png in Resources */,
				9CCB012A12CC79A400DD92C9 /* 16-compacted.xml in Resources */,
				9CCB012B12CC79A400DD92C9 /* 16-texture.png in Resources */,
				9CCB012C12CC79A400DD92C9 /* 17-compacted.xml in Resources */,
				9CCB012D12CC79A400DD92C9 /* 17-texture-0.png in Resources */,
				9CCB012E12CC79A400DD92C9 /* 17-texture-1.png in Resources */,
				9CCB012F12CC79A400DD92C9 /* 18-compacted.xml in Resources */,
				9CCB013012CC79A400DD92C9 /* 18-texture.png in Resources */,
				9CCB013112CC79A400DD92C9 /* 19-compacted.xml in Resources */,
				9CCB013212CC79A400DD92C9 /* 19-texture.png in Resources */,
				9CCB013312CC79A400DD92C9 /* 2-compacted.xml in Resources */,
				9CCB013412CC79A400DD92C9 /* 2-texture.png in Resources */,
				9CCB013512CC79A400DD92C9 /* 20-compacted.xml in Resources */,
				9CCB013612CC79A400DD92C9 /* 20-texture.png in Resources */,
				9CCB013712CC79A400DD92C9 /* 21-compacted.xml in Resources */,
				9CCB013812CC79A400DD92C9 /* 21-texture.png in Resources */,
				9CCB013912CC79A400DD92C9 /* 22-compacted.xml in Resources */,
				9CCB013A12CC79A400DD92C9 /* 22-texture.png in Resources */,
				9CCB013B12CC79A400DD92C9 /* 23-compacted.xml in Resources */,
				9CCB013C12CC79A400DD92C9 /* 23-texture-0.png in Resources */,
				9CCB013D12CC79A400DD92C9 /* 23-texture-1.png in Resources */,
				9CCB013E12CC79A400DD92C9 /* 23-texture-2.png in Resources */,
				9CCB013F12CC79A400DD92C9 /* 24-compacted.xml in Resources */,
				9CCB014012CC79A400DD92C9 /* 24-texture-0.png in Resources */,
				9CCB014112CC79A500DD92C9 /* 24-texture-1.png in Resources */,
				9CCB014212CC79A500DD92C9 /* 25-compacted.xml in Resources */,
				9CCB014312CC79A500DD92C9 /* 25-texture.png in Resources */,
				9CCB014412CC79A500DD92C9 /* 3-compacted.xml in Resources */,
				9CCB014512CC79A500DD92C9 /* 3-texture.png in Resources */,
				9CCB014612CC79A500DD92C9 /* 4-compacted.xml in Resources */,
				9CCB014712CC79A500DD92C9 /* 4-texture.png in Resources */,
				9CCB014812CC79A500DD92C9 /* 5-compacted.xml in Resources */,
				9CCB014912CC79A500DD92C9 /* 5-texture-0.png in Resources */,
				9CCB014A12CC79A500DD92C9 /* 5-texture-1.png in Resources */,
				9CCB014B12CC79A500DD92C9 /* 6-compacted.xml in Resources */,
				9CCB014C12CC79A500DD92C9 /* 6-texture.png in Resources */,
				9CCB014D12CC79A500DD92C9 /* 7-compacted.xml in Resources */,
				9CCB014E12CC79A500DD92C9 /* 7-texture.png in Resources */,
				9CCB014F12CC79A500DD92C9 /* 8-compacted.xml in Resources */,
				9CCB015012CC79A500DD92C9 /* 8-texture.png in Resources */,
				9CCB015112CC79A500DD92C9 /* 9-compacted.xml in Resources */,
				9CCB015212CC79A500DD92C9 /* 9-texture-0.png in Resources */,
				9CCB015312CC79A500DD92C9 /* 9-texture-1.png in Resources */,
			);
			runOnlyForDeploymentPostprocessing = 0;
		};
/* End PBXResourcesBuildPhase section */

/* Begin PBXSourcesBuildPhase section */
		1D60588E0D05DD3D006BFB54 /* Sources */ = {
			isa = PBXSourcesBuildPhase;
			buildActionMask = 2147483647;
			files = (
				1D60589B0D05DD56006BFB54 /* main.m in Sources */,
				1D3623260D0F684500981E51 /* Box2DPracticeAppDelegate.m in Sources */,
				28FD14FE0DC6FC130079059D /* EAGLView.mm in Sources */,
				2514C27210084DB100A42282 /* ES1Renderer.mm in Sources */,
				9C7BA9A7124701CA0057B829 /* GLTexture.m in Sources */,
				9CFDCC4112475A91000801B0 /* b2BroadPhase.cpp in Sources */,
				9CFDCC4212475A91000801B0 /* b2CollideCircle.cpp in Sources */,
				9CFDCC4312475A91000801B0 /* b2CollidePolygon.cpp in Sources */,
				9CFDCC4412475A91000801B0 /* b2Collision.cpp in Sources */,
				9CFDCC4512475A91000801B0 /* b2Distance.cpp in Sources */,
				9CFDCC4612475A91000801B0 /* b2DynamicTree.cpp in Sources */,
				9CFDCC4712475A91000801B0 /* b2TimeOfImpact.cpp in Sources */,
				9CFDCC4812475A91000801B0 /* b2CircleShape.cpp in Sources */,
				9CFDCC4912475A91000801B0 /* b2PolygonShape.cpp in Sources */,
				9CFDCC4A12475A91000801B0 /* b2BlockAllocator.cpp in Sources */,
				9CFDCC4B12475A91000801B0 /* b2Math.cpp in Sources */,
				9CFDCC4C12475A91000801B0 /* b2Settings.cpp in Sources */,
				9CFDCC4D12475A91000801B0 /* b2StackAllocator.cpp in Sources */,
				9CFDCC4E12475A91000801B0 /* b2Body.cpp in Sources */,
				9CFDCC4F12475A91000801B0 /* b2ContactManager.cpp in Sources */,
				9CFDCC5012475A91000801B0 /* b2Fixture.cpp in Sources */,
				9CFDCC5112475A91000801B0 /* b2Island.cpp in Sources */,
				9CFDCC5212475A91000801B0 /* b2World.cpp in Sources */,
				9CFDCC5312475A91000801B0 /* b2WorldCallbacks.cpp in Sources */,
				9CFDCC5412475A91000801B0 /* b2CircleContact.cpp in Sources */,
				9CFDCC5512475A91000801B0 /* b2Contact.cpp in Sources */,
				9CFDCC5612475A91000801B0 /* b2ContactSolver.cpp in Sources */,
				9CFDCC5712475A91000801B0 /* b2PolygonAndCircleContact.cpp in Sources */,
				9CFDCC5812475A91000801B0 /* b2PolygonContact.cpp in Sources */,
				9CFDCC5912475A91000801B0 /* b2TOISolver.cpp in Sources */,
				9CFDCC5A12475A91000801B0 /* b2DistanceJoint.cpp in Sources */,
				9CFDCC5B12475A91000801B0 /* b2FrictionJoint.cpp in Sources */,
				9CFDCC5C12475A91000801B0 /* b2GearJoint.cpp in Sources */,
				9CFDCC5D12475A91000801B0 /* b2Joint.cpp in Sources */,
				9CFDCC5E12475A91000801B0 /* b2LineJoint.cpp in Sources */,
				9CFDCC5F12475A91000801B0 /* b2MouseJoint.cpp in Sources */,
				9CFDCC6012475A91000801B0 /* b2PrismaticJoint.cpp in Sources */,
				9CFDCC6112475A91000801B0 /* b2PulleyJoint.cpp in Sources */,
				9CFDCC6212475A91000801B0 /* b2RevoluteJoint.cpp in Sources */,
				9CFDCC6312475A91000801B0 /* b2WeldJoint.cpp in Sources */,
				9C6CD14B12502FB100EE793B /* GLTextureAdapter.mm in Sources */,
				9C9E23F012507EBB00B6A127 /* GLTextureAdapter_wrap.mm in Sources */,
				9C9E24271250801E00B6A127 /* lapi.c in Sources */,
				9C9E24281250801E00B6A127 /* lauxlib.c in Sources */,
				9C9E24291250801E00B6A127 /* lbaselib.c in Sources */,
				9C9E242A1250801E00B6A127 /* lcode.c in Sources */,
				9C9E242B1250801E00B6A127 /* ldblib.c in Sources */,
				9C9E242C1250801E00B6A127 /* ldebug.c in Sources */,
				9C9E242D1250801E00B6A127 /* ldo.c in Sources */,
				9C9E242E1250801E00B6A127 /* ldump.c in Sources */,
				9C9E242F1250801E00B6A127 /* lfunc.c in Sources */,
				9C9E24301250801E00B6A127 /* lgc.c in Sources */,
				9C9E24311250801E00B6A127 /* linit.c in Sources */,
				9C9E24321250801E00B6A127 /* liolib.c in Sources */,
				9C9E24331250801E00B6A127 /* llex.c in Sources */,
				9C9E24341250801E00B6A127 /* lmathlib.c in Sources */,
				9C9E24351250801E00B6A127 /* lmem.c in Sources */,
				9C9E24361250801E00B6A127 /* loadlib.c in Sources */,
				9C9E24371250801E00B6A127 /* lobject.c in Sources */,
				9C9E24381250801E00B6A127 /* lopcodes.c in Sources */,
				9C9E24391250801E00B6A127 /* loslib.c in Sources */,
				9C9E243A1250801E00B6A127 /* lparser.c in Sources */,
				9C9E243B1250801E00B6A127 /* lstate.c in Sources */,
				9C9E243C1250801E00B6A127 /* lstring.c in Sources */,
				9C9E243D1250801E00B6A127 /* lstrlib.c in Sources */,
				9C9E243E1250801E00B6A127 /* ltable.c in Sources */,
				9C9E243F1250801E00B6A127 /* ltablib.c in Sources */,
				9C9E24401250801E00B6A127 /* ltm.c in Sources */,
				9C9E24411250801E00B6A127 /* lundump.c in Sources */,
				9C9E24421250801E00B6A127 /* lvm.c in Sources */,
				9C9E24431250801E00B6A127 /* lzio.c in Sources */,
				9CE83E4E1251CC530075D1B7 /* gl_wrap.m in Sources */,
				9CE83EE31251F1020075D1B7 /* Box2D_wrap.mm in Sources */,
				9C5E37F812928ABF008023F6 /* xml_wrap.mm in Sources */,
			);
			runOnlyForDeploymentPostprocessing = 0;
		};
/* End PBXSourcesBuildPhase section */

/* Begin XCBuildConfiguration section */
		1D6058940D05DD3E006BFB54 /* Debug */ = {
			isa = XCBuildConfiguration;
			buildSettings = {
				ALWAYS_SEARCH_USER_PATHS = NO;
				COPY_PHASE_STRIP = NO;
				GCC_DYNAMIC_NO_PIC = NO;
				GCC_OPTIMIZATION_LEVEL = 0;
				GCC_PRECOMPILE_PREFIX_HEADER = YES;
				GCC_PREFIX_HEADER = Box2DPractice_Prefix.pch;
				"GCC_THUMB_SUPPORT[arch=armv6]" = "";
				INFOPLIST_FILE = "Box2DPractice-Info.plist";
				PRODUCT_NAME = Box2DPractice;
			};
			name = Debug;
		};
		1D6058950D05DD3E006BFB54 /* Release */ = {
			isa = XCBuildConfiguration;
			buildSettings = {
				ALWAYS_SEARCH_USER_PATHS = NO;
				COPY_PHASE_STRIP = YES;
				GCC_PRECOMPILE_PREFIX_HEADER = YES;
				GCC_PREFIX_HEADER = Box2DPractice_Prefix.pch;
				"GCC_THUMB_SUPPORT[arch=armv6]" = "";
				INFOPLIST_FILE = "Box2DPractice-Info.plist";
				PRODUCT_NAME = Box2DPractice;
				VALIDATE_PRODUCT = YES;
			};
			name = Release;
		};
		C01FCF4F08A954540054247B /* Debug */ = {
			isa = XCBuildConfiguration;
			buildSettings = {
				ARCHS = "$(ARCHS_UNIVERSAL_IPHONE_OS)";
				"CODE_SIGN_IDENTITY[sdk=iphoneos*]" = "iPhone Developer";
				GCC_C_LANGUAGE_STANDARD = c99;
				GCC_PREPROCESSOR_DEFINITIONS = DEBUG;
				GCC_WARN_ABOUT_RETURN_TYPE = YES;
				GCC_WARN_UNUSED_VARIABLE = YES;
				HEADER_SEARCH_PATHS = (
					"${SDKROOT}/usr/include/libxml2",
					Classes,
				);
				PREBINDING = NO;
				SDKROOT = iphoneos4.2;
				TARGETED_DEVICE_FAMILY = 2;
			};
			name = Debug;
		};
		C01FCF5008A954540054247B /* Release */ = {
			isa = XCBuildConfiguration;
			buildSettings = {
				ARCHS = "$(ARCHS_UNIVERSAL_IPHONE_OS)";
				"CODE_SIGN_IDENTITY[sdk=iphoneos*]" = "iPhone Developer";
				GCC_C_LANGUAGE_STANDARD = c99;
				GCC_WARN_ABOUT_RETURN_TYPE = YES;
				GCC_WARN_UNUSED_VARIABLE = YES;
				HEADER_SEARCH_PATHS = (
					"${SDKROOT}/usr/include/libxml2",
					Classes,
				);
				OTHER_CFLAGS = "-DNS_BLOCK_ASSERTIONS=1";
				PREBINDING = NO;
				SDKROOT = iphoneos4.2;
				TARGETED_DEVICE_FAMILY = 2;
			};
			name = Release;
		};
/* End XCBuildConfiguration section */

/* Begin XCConfigurationList section */
		1D6058960D05DD3E006BFB54 /* Build configuration list for PBXNativeTarget "Box2DPractice" */ = {
			isa = XCConfigurationList;
			buildConfigurations = (
				1D6058940D05DD3E006BFB54 /* Debug */,
				1D6058950D05DD3E006BFB54 /* Release */,
			);
			defaultConfigurationIsVisible = 0;
			defaultConfigurationName = Release;
		};
		C01FCF4E08A954540054247B /* Build configuration list for PBXProject "Box2DPractice" */ = {
			isa = XCConfigurationList;
			buildConfigurations = (
				C01FCF4F08A954540054247B /* Debug */,
				C01FCF5008A954540054247B /* Release */,
			);
			defaultConfigurationIsVisible = 0;
			defaultConfigurationName = Release;
		};
/* End XCConfigurationList section */
	};
	rootObject = 29B97313FDCFA39411CA2CEA /* Project object */;
}
